// !$*UTF8*$!
{
	archiveVersion = 1;
	classes = {
	};
	objectVersion = 56;
	objects = {

/* Begin PBXBuildFile section */
		092D91B62C624FF900818B5F /* CurrentLocationViewController.swift in Sources */ = {isa = PBXBuildFile; fileRef = 092D91B52C624FF900818B5F /* CurrentLocationViewController.swift */; };
		092D91B92C77645800818B5F /* CurrentLocationReactor.swift in Sources */ = {isa = PBXBuildFile; fileRef = 092D91B82C77645700818B5F /* CurrentLocationReactor.swift */; };
		0940660F2C5BB20A009A5A7C /* UIFont+Extension.swift in Sources */ = {isa = PBXBuildFile; fileRef = 0940660E2C5BB20A009A5A7C /* UIFont+Extension.swift */; };
		094066102C5BB4FC009A5A7C /* SUIT-Medium.ttf in Resources */ = {isa = PBXBuildFile; fileRef = 094066062C5BAC40009A5A7C /* SUIT-Medium.ttf */; };
		094066112C5BB4FE009A5A7C /* SUIT-Bold.ttf in Resources */ = {isa = PBXBuildFile; fileRef = 094066072C5BAC40009A5A7C /* SUIT-Bold.ttf */; };
		094066122C5BB500009A5A7C /* SUIT-ExtraBold.ttf in Resources */ = {isa = PBXBuildFile; fileRef = 094066082C5BAC41009A5A7C /* SUIT-ExtraBold.ttf */; };
		094066132C5BB502009A5A7C /* SUIT-ExtraLight.ttf in Resources */ = {isa = PBXBuildFile; fileRef = 0940660C2C5BAC41009A5A7C /* SUIT-ExtraLight.ttf */; };
		094066142C5BB504009A5A7C /* SUIT-Heavy.ttf in Resources */ = {isa = PBXBuildFile; fileRef = 094066052C5BAC40009A5A7C /* SUIT-Heavy.ttf */; };
		094066152C5BB507009A5A7C /* SUIT-Light.ttf in Resources */ = {isa = PBXBuildFile; fileRef = 0940660A2C5BAC41009A5A7C /* SUIT-Light.ttf */; };
		094066162C5BB50A009A5A7C /* SUIT-Thin.ttf in Resources */ = {isa = PBXBuildFile; fileRef = 0940660D2C5BAC41009A5A7C /* SUIT-Thin.ttf */; };
		094066172C5BB50C009A5A7C /* SUIT-Regular.ttf in Resources */ = {isa = PBXBuildFile; fileRef = 0940660B2C5BAC41009A5A7C /* SUIT-Regular.ttf */; };
		094066192C5DED7B009A5A7C /* TimeInfoView.swift in Sources */ = {isa = PBXBuildFile; fileRef = 094066182C5DED7B009A5A7C /* TimeInfoView.swift */; };
		0944F2732C4BDD4000AB22F7 /* AppDelegate.swift in Sources */ = {isa = PBXBuildFile; fileRef = 0944F2722C4BDD4000AB22F7 /* AppDelegate.swift */; };
		0944F2752C4BDD4000AB22F7 /* SceneDelegate.swift in Sources */ = {isa = PBXBuildFile; fileRef = 0944F2742C4BDD4000AB22F7 /* SceneDelegate.swift */; };
		0944F27C2C4BDD4400AB22F7 /* Assets.xcassets in Resources */ = {isa = PBXBuildFile; fileRef = 0944F27B2C4BDD4400AB22F7 /* Assets.xcassets */; };
		0944F27F2C4BDD4400AB22F7 /* Base in Resources */ = {isa = PBXBuildFile; fileRef = 0944F27E2C4BDD4400AB22F7 /* Base */; };
		0944F28A2C4BDD4400AB22F7 /* SafeAreaTravelTests.swift in Sources */ = {isa = PBXBuildFile; fileRef = 0944F2892C4BDD4400AB22F7 /* SafeAreaTravelTests.swift */; };
		0944F2942C4BDD4400AB22F7 /* SafeAreaTravelUITests.swift in Sources */ = {isa = PBXBuildFile; fileRef = 0944F2932C4BDD4400AB22F7 /* SafeAreaTravelUITests.swift */; };
		0944F2962C4BDD4400AB22F7 /* SafeAreaTravelUITestsLaunchTests.swift in Sources */ = {isa = PBXBuildFile; fileRef = 0944F2952C4BDD4400AB22F7 /* SafeAreaTravelUITestsLaunchTests.swift */; };
		0944F2AB2C4BDD9E00AB22F7 /* StartViewController.swift in Sources */ = {isa = PBXBuildFile; fileRef = 0944F2AA2C4BDD9E00AB22F7 /* StartViewController.swift */; };
		0944F2AE2C4BDDCA00AB22F7 /* RxCocoa in Frameworks */ = {isa = PBXBuildFile; productRef = 0944F2AD2C4BDDCA00AB22F7 /* RxCocoa */; };
		0944F2B12C4BDDE400AB22F7 /* Then in Frameworks */ = {isa = PBXBuildFile; productRef = 0944F2B02C4BDDE400AB22F7 /* Then */; };
		0944F2B42C4BDDF200AB22F7 /* FlexLayout in Frameworks */ = {isa = PBXBuildFile; productRef = 0944F2B32C4BDDF200AB22F7 /* FlexLayout */; };
		0944F2B72C4BDE0500AB22F7 /* PinLayout in Frameworks */ = {isa = PBXBuildFile; productRef = 0944F2B62C4BDE0500AB22F7 /* PinLayout */; };
		0944F2BA2C4BDE1F00AB22F7 /* ReactorKit in Frameworks */ = {isa = PBXBuildFile; productRef = 0944F2B92C4BDE1F00AB22F7 /* ReactorKit */; };
		0944F2C12C4BDEF300AB22F7 /* BaseViewController.swift in Sources */ = {isa = PBXBuildFile; fileRef = 0944F2C02C4BDEF300AB22F7 /* BaseViewController.swift */; };
		0944F2C32C4BDF7A00AB22F7 /* AppFlowCoordinator.swift in Sources */ = {isa = PBXBuildFile; fileRef = 0944F2C22C4BDF7A00AB22F7 /* AppFlowCoordinator.swift */; };
		0944F2C62C4BDF9E00AB22F7 /* AppDIContainer.swift in Sources */ = {isa = PBXBuildFile; fileRef = 0944F2C52C4BDF9E00AB22F7 /* AppDIContainer.swift */; };
		0944F2C82C4BE0AC00AB22F7 /* SafeAraAPI.swift in Sources */ = {isa = PBXBuildFile; fileRef = 0944F2C72C4BE0AC00AB22F7 /* SafeAraAPI.swift */; };
		0944F2CB2C4BE0CE00AB22F7 /* Moya in Frameworks */ = {isa = PBXBuildFile; productRef = 0944F2CA2C4BE0CE00AB22F7 /* Moya */; };
		0944F2CE2C4BE1BE00AB22F7 /* ApiError.swift in Sources */ = {isa = PBXBuildFile; fileRef = 0944F2CD2C4BE1BD00AB22F7 /* ApiError.swift */; };
		0944F2D12C4BE27600AB22F7 /* Logger.swift in Sources */ = {isa = PBXBuildFile; fileRef = 0944F2D02C4BE27600AB22F7 /* Logger.swift */; };
		0944F2D42C4BE98500AB22F7 /* DetectDeinit.swift in Sources */ = {isa = PBXBuildFile; fileRef = 0944F2D32C4BE98500AB22F7 /* DetectDeinit.swift */; };
		0944F2D72C4BE9B400AB22F7 /* ModelType.swift in Sources */ = {isa = PBXBuildFile; fileRef = 0944F2D62C4BE9B400AB22F7 /* ModelType.swift */; };
		0944F2D92C4BE9ED00AB22F7 /* MainMapViewController.swift in Sources */ = {isa = PBXBuildFile; fileRef = 0944F2D82C4BE9ED00AB22F7 /* MainMapViewController.swift */; };
		0944F2DB2C4BE9FA00AB22F7 /* MainMapReactor.swift in Sources */ = {isa = PBXBuildFile; fileRef = 0944F2DA2C4BE9FA00AB22F7 /* MainMapReactor.swift */; };
		0944F2DD2C4BEA0600AB22F7 /* DetailRestAreaViewController.swift in Sources */ = {isa = PBXBuildFile; fileRef = 0944F2DC2C4BEA0600AB22F7 /* DetailRestAreaViewController.swift */; };
		0944F2DF2C4BEA1400AB22F7 /* DetailRestAreaReactor.swift in Sources */ = {isa = PBXBuildFile; fileRef = 0944F2DE2C4BEA1400AB22F7 /* DetailRestAreaReactor.swift */; };
		0944F2E42C4BEC1000AB22F7 /* LocationInfoRepository.swift in Sources */ = {isa = PBXBuildFile; fileRef = 0944F2E32C4BEC1000AB22F7 /* LocationInfoRepository.swift */; };
		0944F2E62C4BEC1800AB22F7 /* LocationInfoUseCase.swift in Sources */ = {isa = PBXBuildFile; fileRef = 0944F2E52C4BEC1800AB22F7 /* LocationInfoUseCase.swift */; };
		0944F2E82C4BEC2400AB22F7 /* LocationInfoDAO.swift in Sources */ = {isa = PBXBuildFile; fileRef = 0944F2E72C4BEC2400AB22F7 /* LocationInfoDAO.swift */; };
		0944F2EA2C4BEDB600AB22F7 /* SafeAreaDIContainer.swift in Sources */ = {isa = PBXBuildFile; fileRef = 0944F2E92C4BEDB600AB22F7 /* SafeAreaDIContainer.swift */; };
		0944F2ED2C4BEED300AB22F7 /* MainMapCoordinator.swift in Sources */ = {isa = PBXBuildFile; fileRef = 0944F2EC2C4BEED300AB22F7 /* MainMapCoordinator.swift */; };
		0952B0942C4D2E710025BB7C /* APIKeyManager.swift in Sources */ = {isa = PBXBuildFile; fileRef = 0952B0932C4D2E710025BB7C /* APIKeyManager.swift */; };
		0952B0992C4D315A0025BB7C /* RouteModel.swift in Sources */ = {isa = PBXBuildFile; fileRef = 0952B0982C4D315A0025BB7C /* RouteModel.swift */; };
		0952B09D2C4D34A30025BB7C /* Networking.swift in Sources */ = {isa = PBXBuildFile; fileRef = 0952B09C2C4D34A30025BB7C /* Networking.swift */; };
		0952B09F2C4D3CDF0025BB7C /* RouteResponseDTO+Mapping.swift in Sources */ = {isa = PBXBuildFile; fileRef = 0952B09E2C4D3CDF0025BB7C /* RouteResponseDTO+Mapping.swift */; };
		095D6F962C4FE764007E3C1F /* SearchLocationViewController.swift in Sources */ = {isa = PBXBuildFile; fileRef = 095D6F952C4FE764007E3C1F /* SearchLocationViewController.swift */; };
		095D6F9A2C4FE78E007E3C1F /* SearchLocationReactor.swift in Sources */ = {isa = PBXBuildFile; fileRef = 095D6F992C4FE78E007E3C1F /* SearchLocationReactor.swift */; };
		095D6F9C2C4FE895007E3C1F /* SafeAreaBottomSheet.swift in Sources */ = {isa = PBXBuildFile; fileRef = 095D6F9B2C4FE895007E3C1F /* SafeAreaBottomSheet.swift */; };
		095D6FA22C4FEAB4007E3C1F /* Kingfisher in Frameworks */ = {isa = PBXBuildFile; productRef = 095D6FA12C4FEAB4007E3C1F /* Kingfisher */; };
		09834DE12C57BC6300120358 /* SearchLocationDTO+Mapping.swift in Sources */ = {isa = PBXBuildFile; fileRef = 09834DE02C57BC6300120358 /* SearchLocationDTO+Mapping.swift */; };
		09834DE32C57BCF700120358 /* SearchLocationModel.swift in Sources */ = {isa = PBXBuildFile; fileRef = 09834DE22C57BCF700120358 /* SearchLocationModel.swift */; };
		0983BF1D2C4E964600F438A2 /* RxMoya in Frameworks */ = {isa = PBXBuildFile; productRef = 0983BF1C2C4E964600F438A2 /* RxMoya */; };
		09C048ED2C52971600688197 /* SafeAreaListCell.swift in Sources */ = {isa = PBXBuildFile; fileRef = 09C048EC2C52971600688197 /* SafeAreaListCell.swift */; };
		09C048EF2C5299E500688197 /* UIColor+Extension.swift in Sources */ = {isa = PBXBuildFile; fileRef = 09C048EE2C5299E500688197 /* UIColor+Extension.swift */; };
		09C048F52C54AB6F00688197 /* UIView+Extension.swift in Sources */ = {isa = PBXBuildFile; fileRef = 09C048F42C54AB6F00688197 /* UIView+Extension.swift */; };
		09C048FA2C5601C900688197 /* StartReactor.swift in Sources */ = {isa = PBXBuildFile; fileRef = 09C048F92C5601C900688197 /* StartReactor.swift */; };
		09C048FC2C5601D200688197 /* StartCoordinator.swift in Sources */ = {isa = PBXBuildFile; fileRef = 09C048FB2C5601D200688197 /* StartCoordinator.swift */; };
		09C048FF2C5602D700688197 /* DivideLine.swift in Sources */ = {isa = PBXBuildFile; fileRef = 09C048FE2C5602D600688197 /* DivideLine.swift */; };
		09C049042C5622E500688197 /* SearchResultTableViewCell.swift in Sources */ = {isa = PBXBuildFile; fileRef = 09C049032C5622E500688197 /* SearchResultTableViewCell.swift */; };
		09C049082C5624A700688197 /* UILabel+Extension.swift in Sources */ = {isa = PBXBuildFile; fileRef = 09C049072C5624A700688197 /* UILabel+Extension.swift */; };
		09C0490D2C5634FC00688197 /* RoundView.swift in Sources */ = {isa = PBXBuildFile; fileRef = 09C0490C2C5634FC00688197 /* RoundView.swift */; };
		09C0490F2C563E1900688197 /* UITextField+Extension.swift in Sources */ = {isa = PBXBuildFile; fileRef = 09C0490E2C563E1900688197 /* UITextField+Extension.swift */; };
		09C049112C563E4800688197 /* SearchBar.swift in Sources */ = {isa = PBXBuildFile; fileRef = 09C049102C563E4800688197 /* SearchBar.swift */; };
		09E922A12C4FCD2000DBBEAC /* LocationSearchFloatingBtn.swift in Sources */ = {isa = PBXBuildFile; fileRef = 09E922A02C4FCD2000DBBEAC /* LocationSearchFloatingBtn.swift */; };
		9317206D2C87420700AA0BDB /* CurrentMarker.swift in Sources */ = {isa = PBXBuildFile; fileRef = 9317206C2C87420700AA0BDB /* CurrentMarker.swift */; };
		93239C662C8897D700CCD55F /* .gitignore in Resources */ = {isa = PBXBuildFile; fileRef = 93239C652C8897D700CCD55F /* .gitignore */; };
		93239C682C889D0C00CCD55F /* ReverseLocationDTO+Mapping.swift in Sources */ = {isa = PBXBuildFile; fileRef = 93239C672C889D0C00CCD55F /* ReverseLocationDTO+Mapping.swift */; };
		933003E52C7B68DA00E60512 /* UIImageView+kf.swift in Sources */ = {isa = PBXBuildFile; fileRef = 933003E42C7B68DA00E60512 /* UIImageView+kf.swift */; };
		934D7CBA2C9994AB00C32D50 /* RequestRoute.swift in Sources */ = {isa = PBXBuildFile; fileRef = 934D7CB92C9994AB00C32D50 /* RequestRoute.swift */; };
		934D7CBC2C9994DA00C32D50 /* Encodable+Extension.swift in Sources */ = {isa = PBXBuildFile; fileRef = 934D7CBB2C9994DA00C32D50 /* Encodable+Extension.swift */; };
		93646CBD2C9D8A6300BEDCCC /* HusikSegment.swift in Sources */ = {isa = PBXBuildFile; fileRef = 93646CBC2C9D8A6300BEDCCC /* HusikSegment.swift */; };
		93646CBF2C9D8B3500BEDCCC /* FoodInfoView.swift in Sources */ = {isa = PBXBuildFile; fileRef = 93646CBE2C9D8B3500BEDCCC /* FoodInfoView.swift */; };
		93646CC12C9D8B4000BEDCCC /* OilInfoView.swift in Sources */ = {isa = PBXBuildFile; fileRef = 93646CC02C9D8B4000BEDCCC /* OilInfoView.swift */; };
		93646CC32C9D8B4700BEDCCC /* EtcInfoView.swift in Sources */ = {isa = PBXBuildFile; fileRef = 93646CC22C9D8B4700BEDCCC /* EtcInfoView.swift */; };
		93646CC52C9D8DF700BEDCCC /* UINavigationbar+Extension.swift in Sources */ = {isa = PBXBuildFile; fileRef = 93646CC42C9D8DF700BEDCCC /* UINavigationbar+Extension.swift */; };
		93646CC72C9D977300BEDCCC /* DetailSafeAreaInfoDTO+Mapping.swift in Sources */ = {isa = PBXBuildFile; fileRef = 93646CC62C9D977300BEDCCC /* DetailSafeAreaInfoDTO+Mapping.swift */; };
		93646CCA2C9D99DD00BEDCCC /* SkeletonView in Frameworks */ = {isa = PBXBuildFile; productRef = 93646CC92C9D99DD00BEDCCC /* SkeletonView */; };
		93646CCC2C9D9B2800BEDCCC /* DetailSafeAreaInfo.swift in Sources */ = {isa = PBXBuildFile; fileRef = 93646CCB2C9D9B2800BEDCCC /* DetailSafeAreaInfo.swift */; };
		936678622C982EA800948CC4 /* DetailRestAreaCoordinator.swift in Sources */ = {isa = PBXBuildFile; fileRef = 936678612C982EA800948CC4 /* DetailRestAreaCoordinator.swift */; };
		9372A11E2C8737AC00154868 /* UIButton+Extension.swift in Sources */ = {isa = PBXBuildFile; fileRef = 9372A11D2C8737AC00154868 /* UIButton+Extension.swift */; };
		937844B32C84BF0800DA21BA /* TimeImageEnum.swift in Sources */ = {isa = PBXBuildFile; fileRef = 937844B22C84BF0800DA21BA /* TimeImageEnum.swift */; };
		9391E5122C968FB1000963E7 /* SafeAreaListInfo.swift in Sources */ = {isa = PBXBuildFile; fileRef = 9391E5112C968FB1000963E7 /* SafeAreaListInfo.swift */; };
		93D254F32C89E592009BA1B3 /* RouteMaker.swift in Sources */ = {isa = PBXBuildFile; fileRef = 93D254F22C89E592009BA1B3 /* RouteMaker.swift */; };
		93D254F82C89E5EC009BA1B3 /* SafeAreaDTO+Mapping.swift in Sources */ = {isa = PBXBuildFile; fileRef = 93D254F72C89E5EC009BA1B3 /* SafeAreaDTO+Mapping.swift */; };
		93D254FA2C89E80E009BA1B3 /* SafeAreaDAO.swift in Sources */ = {isa = PBXBuildFile; fileRef = 93D254F92C89E80E009BA1B3 /* SafeAreaDAO.swift */; };
		93D254FC2C89E82D009BA1B3 /* SafeAreaInfoRepository.swift in Sources */ = {isa = PBXBuildFile; fileRef = 93D254FB2C89E82D009BA1B3 /* SafeAreaInfoRepository.swift */; };
		93D254FE2C89E83D009BA1B3 /* SafeAreaInfoUseCase.swift in Sources */ = {isa = PBXBuildFile; fileRef = 93D254FD2C89E83D009BA1B3 /* SafeAreaInfoUseCase.swift */; };
		93F241FA2C7E0D34002CBD6E /* NMapsMap in Frameworks */ = {isa = PBXBuildFile; productRef = 93F241F92C7E0D34002CBD6E /* NMapsMap */; };
/* End PBXBuildFile section */

/* Begin PBXContainerItemProxy section */
		0944F2862C4BDD4400AB22F7 /* PBXContainerItemProxy */ = {
			isa = PBXContainerItemProxy;
			containerPortal = 0944F2672C4BDD4000AB22F7 /* Project object */;
			proxyType = 1;
			remoteGlobalIDString = 0944F26E2C4BDD4000AB22F7;
			remoteInfo = SafeAreaTravel;
		};
		0944F2902C4BDD4400AB22F7 /* PBXContainerItemProxy */ = {
			isa = PBXContainerItemProxy;
			containerPortal = 0944F2672C4BDD4000AB22F7 /* Project object */;
			proxyType = 1;
			remoteGlobalIDString = 0944F26E2C4BDD4000AB22F7;
			remoteInfo = SafeAreaTravel;
		};
/* End PBXContainerItemProxy section */

/* Begin PBXFileReference section */
		092D91B52C624FF900818B5F /* CurrentLocationViewController.swift */ = {isa = PBXFileReference; lastKnownFileType = sourcecode.swift; path = CurrentLocationViewController.swift; sourceTree = "<group>"; };
		092D91B82C77645700818B5F /* CurrentLocationReactor.swift */ = {isa = PBXFileReference; lastKnownFileType = sourcecode.swift; path = CurrentLocationReactor.swift; sourceTree = "<group>"; };
		094066052C5BAC40009A5A7C /* SUIT-Heavy.ttf */ = {isa = PBXFileReference; lastKnownFileType = file; path = "SUIT-Heavy.ttf"; sourceTree = "<group>"; };
		094066062C5BAC40009A5A7C /* SUIT-Medium.ttf */ = {isa = PBXFileReference; lastKnownFileType = file; path = "SUIT-Medium.ttf"; sourceTree = "<group>"; };
		094066072C5BAC40009A5A7C /* SUIT-Bold.ttf */ = {isa = PBXFileReference; lastKnownFileType = file; path = "SUIT-Bold.ttf"; sourceTree = "<group>"; };
		094066082C5BAC41009A5A7C /* SUIT-ExtraBold.ttf */ = {isa = PBXFileReference; lastKnownFileType = file; path = "SUIT-ExtraBold.ttf"; sourceTree = "<group>"; };
		0940660A2C5BAC41009A5A7C /* SUIT-Light.ttf */ = {isa = PBXFileReference; lastKnownFileType = file; path = "SUIT-Light.ttf"; sourceTree = "<group>"; };
		0940660B2C5BAC41009A5A7C /* SUIT-Regular.ttf */ = {isa = PBXFileReference; lastKnownFileType = file; path = "SUIT-Regular.ttf"; sourceTree = "<group>"; };
		0940660C2C5BAC41009A5A7C /* SUIT-ExtraLight.ttf */ = {isa = PBXFileReference; lastKnownFileType = file; path = "SUIT-ExtraLight.ttf"; sourceTree = "<group>"; };
		0940660D2C5BAC41009A5A7C /* SUIT-Thin.ttf */ = {isa = PBXFileReference; lastKnownFileType = file; path = "SUIT-Thin.ttf"; sourceTree = "<group>"; };
		0940660E2C5BB20A009A5A7C /* UIFont+Extension.swift */ = {isa = PBXFileReference; lastKnownFileType = sourcecode.swift; path = "UIFont+Extension.swift"; sourceTree = "<group>"; };
		094066182C5DED7B009A5A7C /* TimeInfoView.swift */ = {isa = PBXFileReference; lastKnownFileType = sourcecode.swift; path = TimeInfoView.swift; sourceTree = "<group>"; };
		0944F26F2C4BDD4000AB22F7 /* SafeAreaTravel.app */ = {isa = PBXFileReference; explicitFileType = wrapper.application; includeInIndex = 0; path = SafeAreaTravel.app; sourceTree = BUILT_PRODUCTS_DIR; };
		0944F2722C4BDD4000AB22F7 /* AppDelegate.swift */ = {isa = PBXFileReference; lastKnownFileType = sourcecode.swift; path = AppDelegate.swift; sourceTree = "<group>"; };
		0944F2742C4BDD4000AB22F7 /* SceneDelegate.swift */ = {isa = PBXFileReference; lastKnownFileType = sourcecode.swift; path = SceneDelegate.swift; sourceTree = "<group>"; };
		0944F27B2C4BDD4400AB22F7 /* Assets.xcassets */ = {isa = PBXFileReference; lastKnownFileType = folder.assetcatalog; path = Assets.xcassets; sourceTree = "<group>"; };
		0944F27E2C4BDD4400AB22F7 /* Base */ = {isa = PBXFileReference; lastKnownFileType = file.storyboard; name = Base; path = Base.lproj/LaunchScreen.storyboard; sourceTree = "<group>"; };
		0944F2802C4BDD4400AB22F7 /* Info.plist */ = {isa = PBXFileReference; lastKnownFileType = text.plist.xml; path = Info.plist; sourceTree = "<group>"; };
		0944F2852C4BDD4400AB22F7 /* SafeAreaTravelTests.xctest */ = {isa = PBXFileReference; explicitFileType = wrapper.cfbundle; includeInIndex = 0; path = SafeAreaTravelTests.xctest; sourceTree = BUILT_PRODUCTS_DIR; };
		0944F2892C4BDD4400AB22F7 /* SafeAreaTravelTests.swift */ = {isa = PBXFileReference; lastKnownFileType = sourcecode.swift; path = SafeAreaTravelTests.swift; sourceTree = "<group>"; };
		0944F28F2C4BDD4400AB22F7 /* SafeAreaTravelUITests.xctest */ = {isa = PBXFileReference; explicitFileType = wrapper.cfbundle; includeInIndex = 0; path = SafeAreaTravelUITests.xctest; sourceTree = BUILT_PRODUCTS_DIR; };
		0944F2932C4BDD4400AB22F7 /* SafeAreaTravelUITests.swift */ = {isa = PBXFileReference; lastKnownFileType = sourcecode.swift; path = SafeAreaTravelUITests.swift; sourceTree = "<group>"; };
		0944F2952C4BDD4400AB22F7 /* SafeAreaTravelUITestsLaunchTests.swift */ = {isa = PBXFileReference; lastKnownFileType = sourcecode.swift; path = SafeAreaTravelUITestsLaunchTests.swift; sourceTree = "<group>"; };
		0944F2AA2C4BDD9E00AB22F7 /* StartViewController.swift */ = {isa = PBXFileReference; lastKnownFileType = sourcecode.swift; path = StartViewController.swift; sourceTree = "<group>"; };
		0944F2C02C4BDEF300AB22F7 /* BaseViewController.swift */ = {isa = PBXFileReference; lastKnownFileType = sourcecode.swift; path = BaseViewController.swift; sourceTree = "<group>"; };
		0944F2C22C4BDF7A00AB22F7 /* AppFlowCoordinator.swift */ = {isa = PBXFileReference; lastKnownFileType = sourcecode.swift; path = AppFlowCoordinator.swift; sourceTree = "<group>"; };
		0944F2C52C4BDF9E00AB22F7 /* AppDIContainer.swift */ = {isa = PBXFileReference; lastKnownFileType = sourcecode.swift; path = AppDIContainer.swift; sourceTree = "<group>"; };
		0944F2C72C4BE0AC00AB22F7 /* SafeAraAPI.swift */ = {isa = PBXFileReference; lastKnownFileType = sourcecode.swift; path = SafeAraAPI.swift; sourceTree = "<group>"; };
		0944F2CD2C4BE1BD00AB22F7 /* ApiError.swift */ = {isa = PBXFileReference; lastKnownFileType = sourcecode.swift; path = ApiError.swift; sourceTree = "<group>"; };
		0944F2D02C4BE27600AB22F7 /* Logger.swift */ = {isa = PBXFileReference; lastKnownFileType = sourcecode.swift; path = Logger.swift; sourceTree = "<group>"; };
		0944F2D32C4BE98500AB22F7 /* DetectDeinit.swift */ = {isa = PBXFileReference; lastKnownFileType = sourcecode.swift; path = DetectDeinit.swift; sourceTree = "<group>"; };
		0944F2D62C4BE9B400AB22F7 /* ModelType.swift */ = {isa = PBXFileReference; lastKnownFileType = sourcecode.swift; path = ModelType.swift; sourceTree = "<group>"; };
		0944F2D82C4BE9ED00AB22F7 /* MainMapViewController.swift */ = {isa = PBXFileReference; lastKnownFileType = sourcecode.swift; path = MainMapViewController.swift; sourceTree = "<group>"; };
		0944F2DA2C4BE9FA00AB22F7 /* MainMapReactor.swift */ = {isa = PBXFileReference; lastKnownFileType = sourcecode.swift; path = MainMapReactor.swift; sourceTree = "<group>"; };
		0944F2DC2C4BEA0600AB22F7 /* DetailRestAreaViewController.swift */ = {isa = PBXFileReference; lastKnownFileType = sourcecode.swift; path = DetailRestAreaViewController.swift; sourceTree = "<group>"; };
		0944F2DE2C4BEA1400AB22F7 /* DetailRestAreaReactor.swift */ = {isa = PBXFileReference; indentWidth = 3; lastKnownFileType = sourcecode.swift; path = DetailRestAreaReactor.swift; sourceTree = "<group>"; };
		0944F2E32C4BEC1000AB22F7 /* LocationInfoRepository.swift */ = {isa = PBXFileReference; lastKnownFileType = sourcecode.swift; path = LocationInfoRepository.swift; sourceTree = "<group>"; };
		0944F2E52C4BEC1800AB22F7 /* LocationInfoUseCase.swift */ = {isa = PBXFileReference; lastKnownFileType = sourcecode.swift; path = LocationInfoUseCase.swift; sourceTree = "<group>"; };
		0944F2E72C4BEC2400AB22F7 /* LocationInfoDAO.swift */ = {isa = PBXFileReference; lastKnownFileType = sourcecode.swift; path = LocationInfoDAO.swift; sourceTree = "<group>"; };
		0944F2E92C4BEDB600AB22F7 /* SafeAreaDIContainer.swift */ = {isa = PBXFileReference; lastKnownFileType = sourcecode.swift; path = SafeAreaDIContainer.swift; sourceTree = "<group>"; };
		0944F2EC2C4BEED300AB22F7 /* MainMapCoordinator.swift */ = {isa = PBXFileReference; lastKnownFileType = sourcecode.swift; path = MainMapCoordinator.swift; sourceTree = "<group>"; };
		0952B0932C4D2E710025BB7C /* APIKeyManager.swift */ = {isa = PBXFileReference; lastKnownFileType = sourcecode.swift; path = APIKeyManager.swift; sourceTree = "<group>"; };
		0952B0982C4D315A0025BB7C /* RouteModel.swift */ = {isa = PBXFileReference; lastKnownFileType = sourcecode.swift; path = RouteModel.swift; sourceTree = "<group>"; };
		0952B09C2C4D34A30025BB7C /* Networking.swift */ = {isa = PBXFileReference; lastKnownFileType = sourcecode.swift; path = Networking.swift; sourceTree = "<group>"; };
		0952B09E2C4D3CDF0025BB7C /* RouteResponseDTO+Mapping.swift */ = {isa = PBXFileReference; lastKnownFileType = sourcecode.swift; path = "RouteResponseDTO+Mapping.swift"; sourceTree = "<group>"; };
		095D6F952C4FE764007E3C1F /* SearchLocationViewController.swift */ = {isa = PBXFileReference; lastKnownFileType = sourcecode.swift; path = SearchLocationViewController.swift; sourceTree = "<group>"; };
		095D6F992C4FE78E007E3C1F /* SearchLocationReactor.swift */ = {isa = PBXFileReference; lastKnownFileType = sourcecode.swift; path = SearchLocationReactor.swift; sourceTree = "<group>"; };
		095D6F9B2C4FE895007E3C1F /* SafeAreaBottomSheet.swift */ = {isa = PBXFileReference; lastKnownFileType = sourcecode.swift; path = SafeAreaBottomSheet.swift; sourceTree = "<group>"; };
		09834DE02C57BC6300120358 /* SearchLocationDTO+Mapping.swift */ = {isa = PBXFileReference; lastKnownFileType = sourcecode.swift; path = "SearchLocationDTO+Mapping.swift"; sourceTree = "<group>"; };
		09834DE22C57BCF700120358 /* SearchLocationModel.swift */ = {isa = PBXFileReference; lastKnownFileType = sourcecode.swift; path = SearchLocationModel.swift; sourceTree = "<group>"; };
		09C048EC2C52971600688197 /* SafeAreaListCell.swift */ = {isa = PBXFileReference; lastKnownFileType = sourcecode.swift; path = SafeAreaListCell.swift; sourceTree = "<group>"; };
		09C048EE2C5299E500688197 /* UIColor+Extension.swift */ = {isa = PBXFileReference; lastKnownFileType = sourcecode.swift; path = "UIColor+Extension.swift"; sourceTree = "<group>"; };
		09C048F42C54AB6F00688197 /* UIView+Extension.swift */ = {isa = PBXFileReference; lastKnownFileType = sourcecode.swift; path = "UIView+Extension.swift"; sourceTree = "<group>"; };
		09C048F92C5601C900688197 /* StartReactor.swift */ = {isa = PBXFileReference; lastKnownFileType = sourcecode.swift; path = StartReactor.swift; sourceTree = "<group>"; };
		09C048FB2C5601D200688197 /* StartCoordinator.swift */ = {isa = PBXFileReference; lastKnownFileType = sourcecode.swift; path = StartCoordinator.swift; sourceTree = "<group>"; };
		09C048FE2C5602D600688197 /* DivideLine.swift */ = {isa = PBXFileReference; lastKnownFileType = sourcecode.swift; path = DivideLine.swift; sourceTree = "<group>"; };
		09C049032C5622E500688197 /* SearchResultTableViewCell.swift */ = {isa = PBXFileReference; lastKnownFileType = sourcecode.swift; path = SearchResultTableViewCell.swift; sourceTree = "<group>"; };
		09C049072C5624A700688197 /* UILabel+Extension.swift */ = {isa = PBXFileReference; lastKnownFileType = sourcecode.swift; path = "UILabel+Extension.swift"; sourceTree = "<group>"; };
		09C0490C2C5634FC00688197 /* RoundView.swift */ = {isa = PBXFileReference; lastKnownFileType = sourcecode.swift; path = RoundView.swift; sourceTree = "<group>"; };
		09C0490E2C563E1900688197 /* UITextField+Extension.swift */ = {isa = PBXFileReference; lastKnownFileType = sourcecode.swift; path = "UITextField+Extension.swift"; sourceTree = "<group>"; };
		09C049102C563E4800688197 /* SearchBar.swift */ = {isa = PBXFileReference; lastKnownFileType = sourcecode.swift; path = SearchBar.swift; sourceTree = "<group>"; };
		09E922A02C4FCD2000DBBEAC /* LocationSearchFloatingBtn.swift */ = {isa = PBXFileReference; lastKnownFileType = sourcecode.swift; path = LocationSearchFloatingBtn.swift; sourceTree = "<group>"; };
		9317206C2C87420700AA0BDB /* CurrentMarker.swift */ = {isa = PBXFileReference; lastKnownFileType = sourcecode.swift; path = CurrentMarker.swift; sourceTree = "<group>"; };
		93239C652C8897D700CCD55F /* .gitignore */ = {isa = PBXFileReference; lastKnownFileType = text; path = .gitignore; sourceTree = "<group>"; };
		93239C672C889D0C00CCD55F /* ReverseLocationDTO+Mapping.swift */ = {isa = PBXFileReference; lastKnownFileType = sourcecode.swift; path = "ReverseLocationDTO+Mapping.swift"; sourceTree = "<group>"; };
		933003E42C7B68DA00E60512 /* UIImageView+kf.swift */ = {isa = PBXFileReference; lastKnownFileType = sourcecode.swift; path = "UIImageView+kf.swift"; sourceTree = "<group>"; };
		934D7CB92C9994AB00C32D50 /* RequestRoute.swift */ = {isa = PBXFileReference; lastKnownFileType = sourcecode.swift; path = RequestRoute.swift; sourceTree = "<group>"; };
		934D7CBB2C9994DA00C32D50 /* Encodable+Extension.swift */ = {isa = PBXFileReference; lastKnownFileType = sourcecode.swift; path = "Encodable+Extension.swift"; sourceTree = "<group>"; };
		93646CBC2C9D8A6300BEDCCC /* HusikSegment.swift */ = {isa = PBXFileReference; lastKnownFileType = sourcecode.swift; path = HusikSegment.swift; sourceTree = "<group>"; };
		93646CBE2C9D8B3500BEDCCC /* FoodInfoView.swift */ = {isa = PBXFileReference; lastKnownFileType = sourcecode.swift; path = FoodInfoView.swift; sourceTree = "<group>"; };
		93646CC02C9D8B4000BEDCCC /* OilInfoView.swift */ = {isa = PBXFileReference; lastKnownFileType = sourcecode.swift; path = OilInfoView.swift; sourceTree = "<group>"; };
		93646CC22C9D8B4700BEDCCC /* EtcInfoView.swift */ = {isa = PBXFileReference; lastKnownFileType = sourcecode.swift; path = EtcInfoView.swift; sourceTree = "<group>"; };
		93646CC42C9D8DF700BEDCCC /* UINavigationbar+Extension.swift */ = {isa = PBXFileReference; lastKnownFileType = sourcecode.swift; path = "UINavigationbar+Extension.swift"; sourceTree = "<group>"; };
		93646CC62C9D977300BEDCCC /* DetailSafeAreaInfoDTO+Mapping.swift */ = {isa = PBXFileReference; lastKnownFileType = sourcecode.swift; path = "DetailSafeAreaInfoDTO+Mapping.swift"; sourceTree = "<group>"; };
		93646CCB2C9D9B2800BEDCCC /* DetailSafeAreaInfo.swift */ = {isa = PBXFileReference; lastKnownFileType = sourcecode.swift; path = DetailSafeAreaInfo.swift; sourceTree = "<group>"; };
		936678612C982EA800948CC4 /* DetailRestAreaCoordinator.swift */ = {isa = PBXFileReference; lastKnownFileType = sourcecode.swift; path = DetailRestAreaCoordinator.swift; sourceTree = "<group>"; };
		9372A11D2C8737AC00154868 /* UIButton+Extension.swift */ = {isa = PBXFileReference; lastKnownFileType = sourcecode.swift; path = "UIButton+Extension.swift"; sourceTree = "<group>"; };
		937844B22C84BF0800DA21BA /* TimeImageEnum.swift */ = {isa = PBXFileReference; lastKnownFileType = sourcecode.swift; path = TimeImageEnum.swift; sourceTree = "<group>"; };
		9391E5112C968FB1000963E7 /* SafeAreaListInfo.swift */ = {isa = PBXFileReference; lastKnownFileType = sourcecode.swift; path = SafeAreaListInfo.swift; sourceTree = "<group>"; };
		93D254F22C89E592009BA1B3 /* RouteMaker.swift */ = {isa = PBXFileReference; lastKnownFileType = sourcecode.swift; path = RouteMaker.swift; sourceTree = "<group>"; };
		93D254F72C89E5EC009BA1B3 /* SafeAreaDTO+Mapping.swift */ = {isa = PBXFileReference; lastKnownFileType = sourcecode.swift; path = "SafeAreaDTO+Mapping.swift"; sourceTree = "<group>"; };
		93D254F92C89E80E009BA1B3 /* SafeAreaDAO.swift */ = {isa = PBXFileReference; lastKnownFileType = sourcecode.swift; path = SafeAreaDAO.swift; sourceTree = "<group>"; };
		93D254FB2C89E82D009BA1B3 /* SafeAreaInfoRepository.swift */ = {isa = PBXFileReference; lastKnownFileType = sourcecode.swift; path = SafeAreaInfoRepository.swift; sourceTree = "<group>"; };
		93D254FD2C89E83D009BA1B3 /* SafeAreaInfoUseCase.swift */ = {isa = PBXFileReference; lastKnownFileType = sourcecode.swift; path = SafeAreaInfoUseCase.swift; sourceTree = "<group>"; };
/* End PBXFileReference section */

/* Begin PBXFrameworksBuildPhase section */
		0944F26C2C4BDD4000AB22F7 /* Frameworks */ = {
			isa = PBXFrameworksBuildPhase;
			buildActionMask = 2147483647;
			files = (
				0944F2B42C4BDDF200AB22F7 /* FlexLayout in Frameworks */,
				0944F2AE2C4BDDCA00AB22F7 /* RxCocoa in Frameworks */,
				0944F2CB2C4BE0CE00AB22F7 /* Moya in Frameworks */,
				095D6FA22C4FEAB4007E3C1F /* Kingfisher in Frameworks */,
				93646CCA2C9D99DD00BEDCCC /* SkeletonView in Frameworks */,
				93F241FA2C7E0D34002CBD6E /* NMapsMap in Frameworks */,
				0944F2B72C4BDE0500AB22F7 /* PinLayout in Frameworks */,
				0944F2BA2C4BDE1F00AB22F7 /* ReactorKit in Frameworks */,
				0983BF1D2C4E964600F438A2 /* RxMoya in Frameworks */,
				0944F2B12C4BDDE400AB22F7 /* Then in Frameworks */,
			);
			runOnlyForDeploymentPostprocessing = 0;
		};
		0944F2822C4BDD4400AB22F7 /* Frameworks */ = {
			isa = PBXFrameworksBuildPhase;
			buildActionMask = 2147483647;
			files = (
			);
			runOnlyForDeploymentPostprocessing = 0;
		};
		0944F28C2C4BDD4400AB22F7 /* Frameworks */ = {
			isa = PBXFrameworksBuildPhase;
			buildActionMask = 2147483647;
			files = (
			);
			runOnlyForDeploymentPostprocessing = 0;
		};
/* End PBXFrameworksBuildPhase section */

/* Begin PBXGroup section */
		092D91B42C624FD500818B5F /* CurrentLocation */ = {
			isa = PBXGroup;
			children = (
				092D91B52C624FF900818B5F /* CurrentLocationViewController.swift */,
			);
			path = CurrentLocation;
			sourceTree = "<group>";
		};
		092D91B72C6255EF00818B5F /* SearchLocation */ = {
			isa = PBXGroup;
			children = (
				09C049022C5622C900688197 /* Section */,
				095D6F952C4FE764007E3C1F /* SearchLocationViewController.swift */,
			);
			path = SearchLocation;
			sourceTree = "<group>";
		};
		0944F2662C4BDD4000AB22F7 = {
			isa = PBXGroup;
			children = (
				0944F2712C4BDD4000AB22F7 /* SafeAreaTravel */,
				0944F2882C4BDD4400AB22F7 /* SafeAreaTravelTests */,
				0944F2922C4BDD4400AB22F7 /* SafeAreaTravelUITests */,
				0944F2702C4BDD4000AB22F7 /* Products */,
			);
			sourceTree = "<group>";
		};
		0944F2702C4BDD4000AB22F7 /* Products */ = {
			isa = PBXGroup;
			children = (
				0944F26F2C4BDD4000AB22F7 /* SafeAreaTravel.app */,
				0944F2852C4BDD4400AB22F7 /* SafeAreaTravelTests.xctest */,
				0944F28F2C4BDD4400AB22F7 /* SafeAreaTravelUITests.xctest */,
			);
			name = Products;
			sourceTree = "<group>";
		};
		0944F2712C4BDD4000AB22F7 /* SafeAreaTravel */ = {
			isa = PBXGroup;
			children = (
				0944F2A22C4BDD4E00AB22F7 /* App */,
				0944F2A32C4BDD5800AB22F7 /* Source */,
				0944F2D22C4BE82500AB22F7 /* Resource */,
				0944F2CF2C4BE27000AB22F7 /* Logging */,
			);
			path = SafeAreaTravel;
			sourceTree = "<group>";
		};
		0944F2882C4BDD4400AB22F7 /* SafeAreaTravelTests */ = {
			isa = PBXGroup;
			children = (
				0944F2892C4BDD4400AB22F7 /* SafeAreaTravelTests.swift */,
			);
			path = SafeAreaTravelTests;
			sourceTree = "<group>";
		};
		0944F2922C4BDD4400AB22F7 /* SafeAreaTravelUITests */ = {
			isa = PBXGroup;
			children = (
				0944F2932C4BDD4400AB22F7 /* SafeAreaTravelUITests.swift */,
				0944F2952C4BDD4400AB22F7 /* SafeAreaTravelUITestsLaunchTests.swift */,
			);
			path = SafeAreaTravelUITests;
			sourceTree = "<group>";
		};
		0944F2A22C4BDD4E00AB22F7 /* App */ = {
			isa = PBXGroup;
			children = (
				0944F2722C4BDD4000AB22F7 /* AppDelegate.swift */,
				0944F2742C4BDD4000AB22F7 /* SceneDelegate.swift */,
				0944F2C22C4BDF7A00AB22F7 /* AppFlowCoordinator.swift */,
				0944F2C42C4BDF9000AB22F7 /* DIContainer */,
				0944F2BF2C4BDEE300AB22F7 /* Utills */,
			);
			path = App;
			sourceTree = "<group>";
		};
		0944F2A32C4BDD5800AB22F7 /* Source */ = {
			isa = PBXGroup;
			children = (
				0944F2A72C4BDD7100AB22F7 /* Data */,
				0944F2A62C4BDD6B00AB22F7 /* Domain */,
				0944F2A42C4BDD5D00AB22F7 /* Present */,
			);
			path = Source;
			sourceTree = "<group>";
		};
		0944F2A42C4BDD5D00AB22F7 /* Present */ = {
			isa = PBXGroup;
			children = (
				0944F2A52C4BDD6500AB22F7 /* Init */,
				095D6F942C4FE753007E3C1F /* SearchLocation */,
				0944F2A82C4BDD8200AB22F7 /* Main */,
				0944F2A92C4BDD8700AB22F7 /* DetailRestArea */,
			);
			path = Present;
			sourceTree = "<group>";
		};
		0944F2A52C4BDD6500AB22F7 /* Init */ = {
			isa = PBXGroup;
			children = (
				937844B12C84BEF400DA21BA /* Enum */,
				09C048F82C5601B800688197 /* View */,
				09C048F72C5601B400688197 /* Reactor */,
				09C048F62C5601B000688197 /* Flow */,
			);
			path = Init;
			sourceTree = "<group>";
		};
		0944F2A62C4BDD6B00AB22F7 /* Domain */ = {
			isa = PBXGroup;
			children = (
				934D7CB82C99947B00C32D50 /* Request */,
				0952B0972C4D314F0025BB7C /* Entity */,
				0944F2BC2C4BDE5800AB22F7 /* Interface */,
				0944F2BB2C4BDE5100AB22F7 /* UseCase */,
			);
			path = Domain;
			sourceTree = "<group>";
		};
		0944F2A72C4BDD7100AB22F7 /* Data */ = {
			isa = PBXGroup;
			children = (
				0944F2BE2C4BDE6A00AB22F7 /* Network */,
				0944F2CC2C4BE1B100AB22F7 /* DTO */,
				0944F2BD2C4BDE5F00AB22F7 /* DAO */,
			);
			path = Data;
			sourceTree = "<group>";
		};
		0944F2A82C4BDD8200AB22F7 /* Main */ = {
			isa = PBXGroup;
			children = (
				0944F2EF2C4BEF2C00AB22F7 /* View */,
				0944F2EE2C4BEF2400AB22F7 /* Reactor */,
				0944F2EB2C4BEEC700AB22F7 /* Flow */,
			);
			path = Main;
			sourceTree = "<group>";
		};
		0944F2A92C4BDD8700AB22F7 /* DetailRestArea */ = {
			isa = PBXGroup;
			children = (
				936678602C982E9A00948CC4 /* Flow */,
				9366785F2C982E9300948CC4 /* Reactor */,
				9366785E2C982E8900948CC4 /* View */,
			);
			path = DetailRestArea;
			sourceTree = "<group>";
		};
		0944F2BB2C4BDE5100AB22F7 /* UseCase */ = {
			isa = PBXGroup;
			children = (
				0944F2E52C4BEC1800AB22F7 /* LocationInfoUseCase.swift */,
				93D254FD2C89E83D009BA1B3 /* SafeAreaInfoUseCase.swift */,
			);
			path = UseCase;
			sourceTree = "<group>";
		};
		0944F2BC2C4BDE5800AB22F7 /* Interface */ = {
			isa = PBXGroup;
			children = (
				0944F2E32C4BEC1000AB22F7 /* LocationInfoRepository.swift */,
				93D254FB2C89E82D009BA1B3 /* SafeAreaInfoRepository.swift */,
			);
			path = Interface;
			sourceTree = "<group>";
		};
		0944F2BD2C4BDE5F00AB22F7 /* DAO */ = {
			isa = PBXGroup;
			children = (
				0944F2E72C4BEC2400AB22F7 /* LocationInfoDAO.swift */,
				93D254F92C89E80E009BA1B3 /* SafeAreaDAO.swift */,
			);
			path = DAO;
			sourceTree = "<group>";
		};
		0944F2BE2C4BDE6A00AB22F7 /* Network */ = {
			isa = PBXGroup;
			children = (
				0952B09B2C4D348A0025BB7C /* Network */,
				0952B09A2C4D34780025BB7C /* EndPoint */,
				0952B0932C4D2E710025BB7C /* APIKeyManager.swift */,
			);
			path = Network;
			sourceTree = "<group>";
		};
		0944F2BF2C4BDEE300AB22F7 /* Utills */ = {
			isa = PBXGroup;
			children = (
				095D6FA62C4FED05007E3C1F /* Base */,
				095D6FA32C4FECCB007E3C1F /* UI */,
				0944F2D52C4BE9AD00AB22F7 /* Common */,
				0944F2D32C4BE98500AB22F7 /* DetectDeinit.swift */,
			);
			path = Utills;
			sourceTree = "<group>";
		};
		0944F2C42C4BDF9000AB22F7 /* DIContainer */ = {
			isa = PBXGroup;
			children = (
				0944F2C52C4BDF9E00AB22F7 /* AppDIContainer.swift */,
				0944F2E92C4BEDB600AB22F7 /* SafeAreaDIContainer.swift */,
			);
			name = DIContainer;
			path = Utills/DIContainer;
			sourceTree = "<group>";
		};
		0944F2CC2C4BE1B100AB22F7 /* DTO */ = {
			isa = PBXGroup;
			children = (
				93D254F62C89E5DC009BA1B3 /* SafeAreaDTO */,
				93239C6A2C889D6200CCD55F /* RouteDTO */,
				93239C692C889D5500CCD55F /* LocationDTO */,
			);
			path = DTO;
			sourceTree = "<group>";
		};
		0944F2CF2C4BE27000AB22F7 /* Logging */ = {
			isa = PBXGroup;
			children = (
				0944F2D02C4BE27600AB22F7 /* Logger.swift */,
			);
			path = Logging;
			sourceTree = "<group>";
		};
		0944F2D22C4BE82500AB22F7 /* Resource */ = {
			isa = PBXGroup;
			children = (
				09C048F12C54A38900688197 /* Font */,
				0944F27D2C4BDD4400AB22F7 /* LaunchScreen.storyboard */,
				0944F2802C4BDD4400AB22F7 /* Info.plist */,
				0944F27B2C4BDD4400AB22F7 /* Assets.xcassets */,
				93239C652C8897D700CCD55F /* .gitignore */,
			);
			path = Resource;
			sourceTree = "<group>";
		};
		0944F2D52C4BE9AD00AB22F7 /* Common */ = {
			isa = PBXGroup;
			children = (
				0944F2D62C4BE9B400AB22F7 /* ModelType.swift */,
			);
			path = Common;
			sourceTree = "<group>";
		};
		0944F2EB2C4BEEC700AB22F7 /* Flow */ = {
			isa = PBXGroup;
			children = (
				0944F2EC2C4BEED300AB22F7 /* MainMapCoordinator.swift */,
			);
			path = Flow;
			sourceTree = "<group>";
		};
		0944F2EE2C4BEF2400AB22F7 /* Reactor */ = {
			isa = PBXGroup;
			children = (
				0944F2DA2C4BE9FA00AB22F7 /* MainMapReactor.swift */,
			);
			path = Reactor;
			sourceTree = "<group>";
		};
		0944F2EF2C4BEF2C00AB22F7 /* View */ = {
			isa = PBXGroup;
			children = (
				09E9229F2C4FCCF900DBBEAC /* Section */,
				0944F2D82C4BE9ED00AB22F7 /* MainMapViewController.swift */,
			);
			path = View;
			sourceTree = "<group>";
		};
		0952B0972C4D314F0025BB7C /* Entity */ = {
			isa = PBXGroup;
			children = (
				0952B0982C4D315A0025BB7C /* RouteModel.swift */,
				09834DE22C57BCF700120358 /* SearchLocationModel.swift */,
				9391E5112C968FB1000963E7 /* SafeAreaListInfo.swift */,
				93646CCB2C9D9B2800BEDCCC /* DetailSafeAreaInfo.swift */,
			);
			path = Entity;
			sourceTree = "<group>";
		};
		0952B09A2C4D34780025BB7C /* EndPoint */ = {
			isa = PBXGroup;
			children = (
				0944F2C72C4BE0AC00AB22F7 /* SafeAraAPI.swift */,
			);
			path = EndPoint;
			sourceTree = "<group>";
		};
		0952B09B2C4D348A0025BB7C /* Network */ = {
			isa = PBXGroup;
			children = (
				0944F2CD2C4BE1BD00AB22F7 /* ApiError.swift */,
				0952B09C2C4D34A30025BB7C /* Networking.swift */,
			);
			path = Network;
			sourceTree = "<group>";
		};
		095D6F942C4FE753007E3C1F /* SearchLocation */ = {
			isa = PBXGroup;
			children = (
				095D6F972C4FE777007E3C1F /* View */,
				095D6F982C4FE77C007E3C1F /* Reactor */,
			);
			path = SearchLocation;
			sourceTree = "<group>";
		};
		095D6F972C4FE777007E3C1F /* View */ = {
			isa = PBXGroup;
			children = (
				092D91B72C6255EF00818B5F /* SearchLocation */,
				092D91B42C624FD500818B5F /* CurrentLocation */,
			);
			path = View;
			sourceTree = "<group>";
		};
		095D6F982C4FE77C007E3C1F /* Reactor */ = {
			isa = PBXGroup;
			children = (
				095D6F992C4FE78E007E3C1F /* SearchLocationReactor.swift */,
				092D91B82C77645700818B5F /* CurrentLocationReactor.swift */,
			);
			path = Reactor;
			sourceTree = "<group>";
		};
		095D6FA32C4FECCB007E3C1F /* UI */ = {
			isa = PBXGroup;
			children = (
				933003E32C7B68BF00E60512 /* Extension */,
				09C048FD2C5602B900688197 /* DesignSystem */,
			);
			path = UI;
			sourceTree = "<group>";
		};
		095D6FA62C4FED05007E3C1F /* Base */ = {
			isa = PBXGroup;
			children = (
				0944F2C02C4BDEF300AB22F7 /* BaseViewController.swift */,
			);
			path = Base;
			sourceTree = "<group>";
		};
		09C048EB2C5296FD00688197 /* Cell */ = {
			isa = PBXGroup;
			children = (
				09C048EC2C52971600688197 /* SafeAreaListCell.swift */,
			);
			path = Cell;
			sourceTree = "<group>";
		};
		09C048F12C54A38900688197 /* Font */ = {
			isa = PBXGroup;
			children = (
				094066072C5BAC40009A5A7C /* SUIT-Bold.ttf */,
				094066082C5BAC41009A5A7C /* SUIT-ExtraBold.ttf */,
				0940660C2C5BAC41009A5A7C /* SUIT-ExtraLight.ttf */,
				094066052C5BAC40009A5A7C /* SUIT-Heavy.ttf */,
				0940660A2C5BAC41009A5A7C /* SUIT-Light.ttf */,
				094066062C5BAC40009A5A7C /* SUIT-Medium.ttf */,
				0940660B2C5BAC41009A5A7C /* SUIT-Regular.ttf */,
				0940660D2C5BAC41009A5A7C /* SUIT-Thin.ttf */,
			);
			path = Font;
			sourceTree = "<group>";
		};
		09C048F62C5601B000688197 /* Flow */ = {
			isa = PBXGroup;
			children = (
				09C048FB2C5601D200688197 /* StartCoordinator.swift */,
			);
			path = Flow;
			sourceTree = "<group>";
		};
		09C048F72C5601B400688197 /* Reactor */ = {
			isa = PBXGroup;
			children = (
				09C048F92C5601C900688197 /* StartReactor.swift */,
			);
			path = Reactor;
			sourceTree = "<group>";
		};
		09C048F82C5601B800688197 /* View */ = {
			isa = PBXGroup;
			children = (
				0944F2AA2C4BDD9E00AB22F7 /* StartViewController.swift */,
			);
			path = View;
			sourceTree = "<group>";
		};
		09C048FD2C5602B900688197 /* DesignSystem */ = {
			isa = PBXGroup;
			children = (
				93646CBC2C9D8A6300BEDCCC /* HusikSegment.swift */,
				09C048FE2C5602D600688197 /* DivideLine.swift */,
				09C0490C2C5634FC00688197 /* RoundView.swift */,
				09C049102C563E4800688197 /* SearchBar.swift */,
				094066182C5DED7B009A5A7C /* TimeInfoView.swift */,
				9317206C2C87420700AA0BDB /* CurrentMarker.swift */,
				93D254F22C89E592009BA1B3 /* RouteMaker.swift */,
			);
			path = DesignSystem;
			sourceTree = "<group>";
		};
		09C049022C5622C900688197 /* Section */ = {
			isa = PBXGroup;
			children = (
				09C049052C5622EE00688197 /* Cell */,
			);
			path = Section;
			sourceTree = "<group>";
		};
		09C049052C5622EE00688197 /* Cell */ = {
			isa = PBXGroup;
			children = (
				09C049032C5622E500688197 /* SearchResultTableViewCell.swift */,
			);
			path = Cell;
			sourceTree = "<group>";
		};
		09E9229F2C4FCCF900DBBEAC /* Section */ = {
			isa = PBXGroup;
			children = (
				09C048EB2C5296FD00688197 /* Cell */,
				09E922A02C4FCD2000DBBEAC /* LocationSearchFloatingBtn.swift */,
				095D6F9B2C4FE895007E3C1F /* SafeAreaBottomSheet.swift */,
			);
			path = Section;
			sourceTree = "<group>";
		};
		93239C692C889D5500CCD55F /* LocationDTO */ = {
			isa = PBXGroup;
			children = (
				09834DE02C57BC6300120358 /* SearchLocationDTO+Mapping.swift */,
				93239C672C889D0C00CCD55F /* ReverseLocationDTO+Mapping.swift */,
			);
			path = LocationDTO;
			sourceTree = "<group>";
		};
		93239C6A2C889D6200CCD55F /* RouteDTO */ = {
			isa = PBXGroup;
			children = (
				0952B09E2C4D3CDF0025BB7C /* RouteResponseDTO+Mapping.swift */,
			);
			path = RouteDTO;
			sourceTree = "<group>";
		};
		933003E32C7B68BF00E60512 /* Extension */ = {
			isa = PBXGroup;
			children = (
				09C048EE2C5299E500688197 /* UIColor+Extension.swift */,
				09C048F42C54AB6F00688197 /* UIView+Extension.swift */,
				09C049072C5624A700688197 /* UILabel+Extension.swift */,
				09C0490E2C563E1900688197 /* UITextField+Extension.swift */,
				0940660E2C5BB20A009A5A7C /* UIFont+Extension.swift */,
				933003E42C7B68DA00E60512 /* UIImageView+kf.swift */,
				9372A11D2C8737AC00154868 /* UIButton+Extension.swift */,
				934D7CBB2C9994DA00C32D50 /* Encodable+Extension.swift */,
				93646CC42C9D8DF700BEDCCC /* UINavigationbar+Extension.swift */,
			);
			path = Extension;
			sourceTree = "<group>";
		};
		934D7CB82C99947B00C32D50 /* Request */ = {
			isa = PBXGroup;
			children = (
				934D7CB92C9994AB00C32D50 /* RequestRoute.swift */,
			);
			path = Request;
			sourceTree = "<group>";
		};
		93646CBB2C9D8A4600BEDCCC /* Section */ = {
			isa = PBXGroup;
			children = (
				93646CBE2C9D8B3500BEDCCC /* FoodInfoView.swift */,
				93646CC02C9D8B4000BEDCCC /* OilInfoView.swift */,
				93646CC22C9D8B4700BEDCCC /* EtcInfoView.swift */,
			);
			path = Section;
			sourceTree = "<group>";
		};
		9366785E2C982E8900948CC4 /* View */ = {
			isa = PBXGroup;
			children = (
				93646CBB2C9D8A4600BEDCCC /* Section */,
				0944F2DC2C4BEA0600AB22F7 /* DetailRestAreaViewController.swift */,
			);
			path = View;
			sourceTree = "<group>";
		};
		9366785F2C982E9300948CC4 /* Reactor */ = {
			isa = PBXGroup;
			children = (
				0944F2DE2C4BEA1400AB22F7 /* DetailRestAreaReactor.swift */,
			);
			path = Reactor;
			sourceTree = "<group>";
		};
		936678602C982E9A00948CC4 /* Flow */ = {
			isa = PBXGroup;
			children = (
				936678612C982EA800948CC4 /* DetailRestAreaCoordinator.swift */,
			);
			path = Flow;
			sourceTree = "<group>";
		};
		937844B12C84BEF400DA21BA /* Enum */ = {
			isa = PBXGroup;
			children = (
				937844B22C84BF0800DA21BA /* TimeImageEnum.swift */,
			);
			path = Enum;
			sourceTree = "<group>";
		};
		93D254F62C89E5DC009BA1B3 /* SafeAreaDTO */ = {
			isa = PBXGroup;
			children = (
				93D254F72C89E5EC009BA1B3 /* SafeAreaDTO+Mapping.swift */,
				93646CC62C9D977300BEDCCC /* DetailSafeAreaInfoDTO+Mapping.swift */,
			);
			path = SafeAreaDTO;
			sourceTree = "<group>";
		};
/* End PBXGroup section */

/* Begin PBXNativeTarget section */
		0944F26E2C4BDD4000AB22F7 /* SafeAreaTravel */ = {
			isa = PBXNativeTarget;
			buildConfigurationList = 0944F2992C4BDD4400AB22F7 /* Build configuration list for PBXNativeTarget "SafeAreaTravel" */;
			buildPhases = (
				0944F26B2C4BDD4000AB22F7 /* Sources */,
				0944F26C2C4BDD4000AB22F7 /* Frameworks */,
				0944F26D2C4BDD4000AB22F7 /* Resources */,
			);
			buildRules = (
			);
			dependencies = (
			);
			name = SafeAreaTravel;
			packageProductDependencies = (
				0944F2AD2C4BDDCA00AB22F7 /* RxCocoa */,
				0944F2B02C4BDDE400AB22F7 /* Then */,
				0944F2B32C4BDDF200AB22F7 /* FlexLayout */,
				0944F2B62C4BDE0500AB22F7 /* PinLayout */,
				0944F2B92C4BDE1F00AB22F7 /* ReactorKit */,
				0944F2CA2C4BE0CE00AB22F7 /* Moya */,
				0983BF1C2C4E964600F438A2 /* RxMoya */,
				095D6FA12C4FEAB4007E3C1F /* Kingfisher */,
				93F241F92C7E0D34002CBD6E /* NMapsMap */,
				93646CC92C9D99DD00BEDCCC /* SkeletonView */,
			);
			productName = SafeAreaTravel;
			productReference = 0944F26F2C4BDD4000AB22F7 /* SafeAreaTravel.app */;
			productType = "com.apple.product-type.application";
		};
		0944F2842C4BDD4400AB22F7 /* SafeAreaTravelTests */ = {
			isa = PBXNativeTarget;
			buildConfigurationList = 0944F29C2C4BDD4400AB22F7 /* Build configuration list for PBXNativeTarget "SafeAreaTravelTests" */;
			buildPhases = (
				0944F2812C4BDD4400AB22F7 /* Sources */,
				0944F2822C4BDD4400AB22F7 /* Frameworks */,
				0944F2832C4BDD4400AB22F7 /* Resources */,
			);
			buildRules = (
			);
			dependencies = (
				0944F2872C4BDD4400AB22F7 /* PBXTargetDependency */,
			);
			name = SafeAreaTravelTests;
			productName = SafeAreaTravelTests;
			productReference = 0944F2852C4BDD4400AB22F7 /* SafeAreaTravelTests.xctest */;
			productType = "com.apple.product-type.bundle.unit-test";
		};
		0944F28E2C4BDD4400AB22F7 /* SafeAreaTravelUITests */ = {
			isa = PBXNativeTarget;
			buildConfigurationList = 0944F29F2C4BDD4400AB22F7 /* Build configuration list for PBXNativeTarget "SafeAreaTravelUITests" */;
			buildPhases = (
				0944F28B2C4BDD4400AB22F7 /* Sources */,
				0944F28C2C4BDD4400AB22F7 /* Frameworks */,
				0944F28D2C4BDD4400AB22F7 /* Resources */,
			);
			buildRules = (
			);
			dependencies = (
				0944F2912C4BDD4400AB22F7 /* PBXTargetDependency */,
			);
			name = SafeAreaTravelUITests;
			productName = SafeAreaTravelUITests;
			productReference = 0944F28F2C4BDD4400AB22F7 /* SafeAreaTravelUITests.xctest */;
			productType = "com.apple.product-type.bundle.ui-testing";
		};
/* End PBXNativeTarget section */

/* Begin PBXProject section */
		0944F2672C4BDD4000AB22F7 /* Project object */ = {
			isa = PBXProject;
			attributes = {
				BuildIndependentTargetsInParallel = 1;
				LastSwiftUpdateCheck = 1540;
				LastUpgradeCheck = 1540;
				TargetAttributes = {
					0944F26E2C4BDD4000AB22F7 = {
						CreatedOnToolsVersion = 15.4;
					};
					0944F2842C4BDD4400AB22F7 = {
						CreatedOnToolsVersion = 15.4;
						TestTargetID = 0944F26E2C4BDD4000AB22F7;
					};
					0944F28E2C4BDD4400AB22F7 = {
						CreatedOnToolsVersion = 15.4;
						TestTargetID = 0944F26E2C4BDD4000AB22F7;
					};
				};
			};
			buildConfigurationList = 0944F26A2C4BDD4000AB22F7 /* Build configuration list for PBXProject "SafeAreaTravel" */;
			compatibilityVersion = "Xcode 14.0";
			developmentRegion = en;
			hasScannedForEncodings = 0;
			knownRegions = (
				en,
				Base,
			);
			mainGroup = 0944F2662C4BDD4000AB22F7;
			packageReferences = (
				0944F2AC2C4BDDCA00AB22F7 /* XCRemoteSwiftPackageReference "RxSwift" */,
				0944F2AF2C4BDDE400AB22F7 /* XCRemoteSwiftPackageReference "Then" */,
				0944F2B22C4BDDF200AB22F7 /* XCRemoteSwiftPackageReference "FlexLayout" */,
				0944F2B52C4BDE0500AB22F7 /* XCRemoteSwiftPackageReference "PinLayout" */,
				0944F2B82C4BDE1F00AB22F7 /* XCRemoteSwiftPackageReference "ReactorKit" */,
				0944F2C92C4BE0CE00AB22F7 /* XCRemoteSwiftPackageReference "Moya" */,
				095D6FA02C4FEAB4007E3C1F /* XCRemoteSwiftPackageReference "Kingfisher" */,
				93F241F82C7E0D34002CBD6E /* XCRemoteSwiftPackageReference "NMapsMap-SwiftPM" */,
				93646CC82C9D99DD00BEDCCC /* XCRemoteSwiftPackageReference "SkeletonView" */,
			);
			productRefGroup = 0944F2702C4BDD4000AB22F7 /* Products */;
			projectDirPath = "";
			projectRoot = "";
			targets = (
				0944F26E2C4BDD4000AB22F7 /* SafeAreaTravel */,
				0944F2842C4BDD4400AB22F7 /* SafeAreaTravelTests */,
				0944F28E2C4BDD4400AB22F7 /* SafeAreaTravelUITests */,
			);
		};
/* End PBXProject section */

/* Begin PBXResourcesBuildPhase section */
		0944F26D2C4BDD4000AB22F7 /* Resources */ = {
			isa = PBXResourcesBuildPhase;
			buildActionMask = 2147483647;
			files = (
				094066112C5BB4FE009A5A7C /* SUIT-Bold.ttf in Resources */,
				094066132C5BB502009A5A7C /* SUIT-ExtraLight.ttf in Resources */,
				094066142C5BB504009A5A7C /* SUIT-Heavy.ttf in Resources */,
				094066102C5BB4FC009A5A7C /* SUIT-Medium.ttf in Resources */,
				93239C662C8897D700CCD55F /* .gitignore in Resources */,
				094066152C5BB507009A5A7C /* SUIT-Light.ttf in Resources */,
				094066162C5BB50A009A5A7C /* SUIT-Thin.ttf in Resources */,
				094066122C5BB500009A5A7C /* SUIT-ExtraBold.ttf in Resources */,
				0944F27C2C4BDD4400AB22F7 /* Assets.xcassets in Resources */,
				094066172C5BB50C009A5A7C /* SUIT-Regular.ttf in Resources */,
				0944F27F2C4BDD4400AB22F7 /* Base in Resources */,
			);
			runOnlyForDeploymentPostprocessing = 0;
		};
		0944F2832C4BDD4400AB22F7 /* Resources */ = {
			isa = PBXResourcesBuildPhase;
			buildActionMask = 2147483647;
			files = (
			);
			runOnlyForDeploymentPostprocessing = 0;
		};
		0944F28D2C4BDD4400AB22F7 /* Resources */ = {
			isa = PBXResourcesBuildPhase;
			buildActionMask = 2147483647;
			files = (
			);
			runOnlyForDeploymentPostprocessing = 0;
		};
/* End PBXResourcesBuildPhase section */

/* Begin PBXSourcesBuildPhase section */
		0944F26B2C4BDD4000AB22F7 /* Sources */ = {
			isa = PBXSourcesBuildPhase;
			buildActionMask = 2147483647;
			files = (
				09C048FF2C5602D700688197 /* DivideLine.swift in Sources */,
				0944F2D92C4BE9ED00AB22F7 /* MainMapViewController.swift in Sources */,
				93646CC32C9D8B4700BEDCCC /* EtcInfoView.swift in Sources */,
				0944F2C62C4BDF9E00AB22F7 /* AppDIContainer.swift in Sources */,
				934D7CBC2C9994DA00C32D50 /* Encodable+Extension.swift in Sources */,
				93646CC52C9D8DF700BEDCCC /* UINavigationbar+Extension.swift in Sources */,
				93D254FC2C89E82D009BA1B3 /* SafeAreaInfoRepository.swift in Sources */,
				0944F2C12C4BDEF300AB22F7 /* BaseViewController.swift in Sources */,
				0952B0992C4D315A0025BB7C /* RouteModel.swift in Sources */,
				09C0490F2C563E1900688197 /* UITextField+Extension.swift in Sources */,
				0952B0942C4D2E710025BB7C /* APIKeyManager.swift in Sources */,
				09834DE32C57BCF700120358 /* SearchLocationModel.swift in Sources */,
				0944F2AB2C4BDD9E00AB22F7 /* StartViewController.swift in Sources */,
				0944F2D42C4BE98500AB22F7 /* DetectDeinit.swift in Sources */,
				0940660F2C5BB20A009A5A7C /* UIFont+Extension.swift in Sources */,
				0952B09F2C4D3CDF0025BB7C /* RouteResponseDTO+Mapping.swift in Sources */,
				933003E52C7B68DA00E60512 /* UIImageView+kf.swift in Sources */,
				93646CC12C9D8B4000BEDCCC /* OilInfoView.swift in Sources */,
				09C048EF2C5299E500688197 /* UIColor+Extension.swift in Sources */,
				09C0490D2C5634FC00688197 /* RoundView.swift in Sources */,
				0944F2E42C4BEC1000AB22F7 /* LocationInfoRepository.swift in Sources */,
				09C048ED2C52971600688197 /* SafeAreaListCell.swift in Sources */,
				09C048FA2C5601C900688197 /* StartReactor.swift in Sources */,
				0944F2732C4BDD4000AB22F7 /* AppDelegate.swift in Sources */,
				0944F2D12C4BE27600AB22F7 /* Logger.swift in Sources */,
				0952B09D2C4D34A30025BB7C /* Networking.swift in Sources */,
				93D254FA2C89E80E009BA1B3 /* SafeAreaDAO.swift in Sources */,
				0944F2D72C4BE9B400AB22F7 /* ModelType.swift in Sources */,
				93646CBF2C9D8B3500BEDCCC /* FoodInfoView.swift in Sources */,
				092D91B92C77645800818B5F /* CurrentLocationReactor.swift in Sources */,
				0944F2EA2C4BEDB600AB22F7 /* SafeAreaDIContainer.swift in Sources */,
				09834DE12C57BC6300120358 /* SearchLocationDTO+Mapping.swift in Sources */,
				93D254F82C89E5EC009BA1B3 /* SafeAreaDTO+Mapping.swift in Sources */,
				095D6F9C2C4FE895007E3C1F /* SafeAreaBottomSheet.swift in Sources */,
				0944F2DB2C4BE9FA00AB22F7 /* MainMapReactor.swift in Sources */,
				936678622C982EA800948CC4 /* DetailRestAreaCoordinator.swift in Sources */,
				092D91B62C624FF900818B5F /* CurrentLocationViewController.swift in Sources */,
				9317206D2C87420700AA0BDB /* CurrentMarker.swift in Sources */,
				094066192C5DED7B009A5A7C /* TimeInfoView.swift in Sources */,
				0944F2C82C4BE0AC00AB22F7 /* SafeAraAPI.swift in Sources */,
				0944F2DF2C4BEA1400AB22F7 /* DetailRestAreaReactor.swift in Sources */,
				09C049082C5624A700688197 /* UILabel+Extension.swift in Sources */,
				934D7CBA2C9994AB00C32D50 /* RequestRoute.swift in Sources */,
				93D254F32C89E592009BA1B3 /* RouteMaker.swift in Sources */,
				0944F2CE2C4BE1BE00AB22F7 /* ApiError.swift in Sources */,
				0944F2E82C4BEC2400AB22F7 /* LocationInfoDAO.swift in Sources */,
				0944F2C32C4BDF7A00AB22F7 /* AppFlowCoordinator.swift in Sources */,
				9391E5122C968FB1000963E7 /* SafeAreaListInfo.swift in Sources */,
				93646CC72C9D977300BEDCCC /* DetailSafeAreaInfoDTO+Mapping.swift in Sources */,
				0944F2E62C4BEC1800AB22F7 /* LocationInfoUseCase.swift in Sources */,
				09C049042C5622E500688197 /* SearchResultTableViewCell.swift in Sources */,
				937844B32C84BF0800DA21BA /* TimeImageEnum.swift in Sources */,
				09C048FC2C5601D200688197 /* StartCoordinator.swift in Sources */,
				095D6F9A2C4FE78E007E3C1F /* SearchLocationReactor.swift in Sources */,
				9372A11E2C8737AC00154868 /* UIButton+Extension.swift in Sources */,
				09C049112C563E4800688197 /* SearchBar.swift in Sources */,
				93239C682C889D0C00CCD55F /* ReverseLocationDTO+Mapping.swift in Sources */,
				0944F2752C4BDD4000AB22F7 /* SceneDelegate.swift in Sources */,
				09C048F52C54AB6F00688197 /* UIView+Extension.swift in Sources */,
				0944F2ED2C4BEED300AB22F7 /* MainMapCoordinator.swift in Sources */,
				93646CBD2C9D8A6300BEDCCC /* HusikSegment.swift in Sources */,
				0944F2DD2C4BEA0600AB22F7 /* DetailRestAreaViewController.swift in Sources */,
				93646CCC2C9D9B2800BEDCCC /* DetailSafeAreaInfo.swift in Sources */,
				09E922A12C4FCD2000DBBEAC /* LocationSearchFloatingBtn.swift in Sources */,
				93D254FE2C89E83D009BA1B3 /* SafeAreaInfoUseCase.swift in Sources */,
				095D6F962C4FE764007E3C1F /* SearchLocationViewController.swift in Sources */,
			);
			runOnlyForDeploymentPostprocessing = 0;
		};
		0944F2812C4BDD4400AB22F7 /* Sources */ = {
			isa = PBXSourcesBuildPhase;
			buildActionMask = 2147483647;
			files = (
				0944F28A2C4BDD4400AB22F7 /* SafeAreaTravelTests.swift in Sources */,
			);
			runOnlyForDeploymentPostprocessing = 0;
		};
		0944F28B2C4BDD4400AB22F7 /* Sources */ = {
			isa = PBXSourcesBuildPhase;
			buildActionMask = 2147483647;
			files = (
				0944F2962C4BDD4400AB22F7 /* SafeAreaTravelUITestsLaunchTests.swift in Sources */,
				0944F2942C4BDD4400AB22F7 /* SafeAreaTravelUITests.swift in Sources */,
			);
			runOnlyForDeploymentPostprocessing = 0;
		};
/* End PBXSourcesBuildPhase section */

/* Begin PBXTargetDependency section */
		0944F2872C4BDD4400AB22F7 /* PBXTargetDependency */ = {
			isa = PBXTargetDependency;
			target = 0944F26E2C4BDD4000AB22F7 /* SafeAreaTravel */;
			targetProxy = 0944F2862C4BDD4400AB22F7 /* PBXContainerItemProxy */;
		};
		0944F2912C4BDD4400AB22F7 /* PBXTargetDependency */ = {
			isa = PBXTargetDependency;
			target = 0944F26E2C4BDD4000AB22F7 /* SafeAreaTravel */;
			targetProxy = 0944F2902C4BDD4400AB22F7 /* PBXContainerItemProxy */;
		};
/* End PBXTargetDependency section */

/* Begin PBXVariantGroup section */
		0944F27D2C4BDD4400AB22F7 /* LaunchScreen.storyboard */ = {
			isa = PBXVariantGroup;
			children = (
				0944F27E2C4BDD4400AB22F7 /* Base */,
			);
			name = LaunchScreen.storyboard;
			sourceTree = "<group>";
		};
/* End PBXVariantGroup section */

/* Begin XCBuildConfiguration section */
		0944F2972C4BDD4400AB22F7 /* Debug */ = {
			isa = XCBuildConfiguration;
			buildSettings = {
				ALWAYS_SEARCH_USER_PATHS = NO;
				ASSETCATALOG_COMPILER_GENERATE_SWIFT_ASSET_SYMBOL_EXTENSIONS = YES;
				CLANG_ANALYZER_NONNULL = YES;
				CLANG_ANALYZER_NUMBER_OBJECT_CONVERSION = YES_AGGRESSIVE;
				CLANG_CXX_LANGUAGE_STANDARD = "gnu++20";
				CLANG_ENABLE_MODULES = YES;
				CLANG_ENABLE_OBJC_ARC = YES;
				CLANG_ENABLE_OBJC_WEAK = YES;
				CLANG_WARN_BLOCK_CAPTURE_AUTORELEASING = YES;
				CLANG_WARN_BOOL_CONVERSION = YES;
				CLANG_WARN_COMMA = YES;
				CLANG_WARN_CONSTANT_CONVERSION = YES;
				CLANG_WARN_DEPRECATED_OBJC_IMPLEMENTATIONS = YES;
				CLANG_WARN_DIRECT_OBJC_ISA_USAGE = YES_ERROR;
				CLANG_WARN_DOCUMENTATION_COMMENTS = YES;
				CLANG_WARN_EMPTY_BODY = YES;
				CLANG_WARN_ENUM_CONVERSION = YES;
				CLANG_WARN_INFINITE_RECURSION = YES;
				CLANG_WARN_INT_CONVERSION = YES;
				CLANG_WARN_NON_LITERAL_NULL_CONVERSION = YES;
				CLANG_WARN_OBJC_IMPLICIT_RETAIN_SELF = YES;
				CLANG_WARN_OBJC_LITERAL_CONVERSION = YES;
				CLANG_WARN_OBJC_ROOT_CLASS = YES_ERROR;
				CLANG_WARN_QUOTED_INCLUDE_IN_FRAMEWORK_HEADER = YES;
				CLANG_WARN_RANGE_LOOP_ANALYSIS = YES;
				CLANG_WARN_STRICT_PROTOTYPES = YES;
				CLANG_WARN_SUSPICIOUS_MOVE = YES;
				CLANG_WARN_UNGUARDED_AVAILABILITY = YES_AGGRESSIVE;
				CLANG_WARN_UNREACHABLE_CODE = YES;
				CLANG_WARN__DUPLICATE_METHOD_MATCH = YES;
				COPY_PHASE_STRIP = NO;
				DEBUG_INFORMATION_FORMAT = dwarf;
				ENABLE_STRICT_OBJC_MSGSEND = YES;
				ENABLE_TESTABILITY = YES;
				ENABLE_USER_SCRIPT_SANDBOXING = YES;
				GCC_C_LANGUAGE_STANDARD = gnu17;
				GCC_DYNAMIC_NO_PIC = NO;
				GCC_NO_COMMON_BLOCKS = YES;
				GCC_OPTIMIZATION_LEVEL = 0;
				GCC_PREPROCESSOR_DEFINITIONS = (
					"DEBUG=1",
					"$(inherited)",
				);
				GCC_WARN_64_TO_32_BIT_CONVERSION = YES;
				GCC_WARN_ABOUT_RETURN_TYPE = YES_ERROR;
				GCC_WARN_UNDECLARED_SELECTOR = YES;
				GCC_WARN_UNINITIALIZED_AUTOS = YES_AGGRESSIVE;
				GCC_WARN_UNUSED_FUNCTION = YES;
				GCC_WARN_UNUSED_VARIABLE = YES;
				IPHONEOS_DEPLOYMENT_TARGET = 17.5;
				LOCALIZATION_PREFERS_STRING_CATALOGS = YES;
				MTL_ENABLE_DEBUG_INFO = INCLUDE_SOURCE;
				MTL_FAST_MATH = YES;
				ONLY_ACTIVE_ARCH = YES;
				SDKROOT = iphoneos;
				SWIFT_ACTIVE_COMPILATION_CONDITIONS = "DEBUG $(inherited)";
				SWIFT_OPTIMIZATION_LEVEL = "-Onone";
			};
			name = Debug;
		};
		0944F2982C4BDD4400AB22F7 /* Release */ = {
			isa = XCBuildConfiguration;
			buildSettings = {
				ALWAYS_SEARCH_USER_PATHS = NO;
				ASSETCATALOG_COMPILER_GENERATE_SWIFT_ASSET_SYMBOL_EXTENSIONS = YES;
				CLANG_ANALYZER_NONNULL = YES;
				CLANG_ANALYZER_NUMBER_OBJECT_CONVERSION = YES_AGGRESSIVE;
				CLANG_CXX_LANGUAGE_STANDARD = "gnu++20";
				CLANG_ENABLE_MODULES = YES;
				CLANG_ENABLE_OBJC_ARC = YES;
				CLANG_ENABLE_OBJC_WEAK = YES;
				CLANG_WARN_BLOCK_CAPTURE_AUTORELEASING = YES;
				CLANG_WARN_BOOL_CONVERSION = YES;
				CLANG_WARN_COMMA = YES;
				CLANG_WARN_CONSTANT_CONVERSION = YES;
				CLANG_WARN_DEPRECATED_OBJC_IMPLEMENTATIONS = YES;
				CLANG_WARN_DIRECT_OBJC_ISA_USAGE = YES_ERROR;
				CLANG_WARN_DOCUMENTATION_COMMENTS = YES;
				CLANG_WARN_EMPTY_BODY = YES;
				CLANG_WARN_ENUM_CONVERSION = YES;
				CLANG_WARN_INFINITE_RECURSION = YES;
				CLANG_WARN_INT_CONVERSION = YES;
				CLANG_WARN_NON_LITERAL_NULL_CONVERSION = YES;
				CLANG_WARN_OBJC_IMPLICIT_RETAIN_SELF = YES;
				CLANG_WARN_OBJC_LITERAL_CONVERSION = YES;
				CLANG_WARN_OBJC_ROOT_CLASS = YES_ERROR;
				CLANG_WARN_QUOTED_INCLUDE_IN_FRAMEWORK_HEADER = YES;
				CLANG_WARN_RANGE_LOOP_ANALYSIS = YES;
				CLANG_WARN_STRICT_PROTOTYPES = YES;
				CLANG_WARN_SUSPICIOUS_MOVE = YES;
				CLANG_WARN_UNGUARDED_AVAILABILITY = YES_AGGRESSIVE;
				CLANG_WARN_UNREACHABLE_CODE = YES;
				CLANG_WARN__DUPLICATE_METHOD_MATCH = YES;
				COPY_PHASE_STRIP = NO;
				DEBUG_INFORMATION_FORMAT = "dwarf-with-dsym";
				ENABLE_NS_ASSERTIONS = NO;
				ENABLE_STRICT_OBJC_MSGSEND = YES;
				ENABLE_USER_SCRIPT_SANDBOXING = YES;
				GCC_C_LANGUAGE_STANDARD = gnu17;
				GCC_NO_COMMON_BLOCKS = YES;
				GCC_WARN_64_TO_32_BIT_CONVERSION = YES;
				GCC_WARN_ABOUT_RETURN_TYPE = YES_ERROR;
				GCC_WARN_UNDECLARED_SELECTOR = YES;
				GCC_WARN_UNINITIALIZED_AUTOS = YES_AGGRESSIVE;
				GCC_WARN_UNUSED_FUNCTION = YES;
				GCC_WARN_UNUSED_VARIABLE = YES;
				IPHONEOS_DEPLOYMENT_TARGET = 17.5;
				LOCALIZATION_PREFERS_STRING_CATALOGS = YES;
				MTL_ENABLE_DEBUG_INFO = NO;
				MTL_FAST_MATH = YES;
				SDKROOT = iphoneos;
				SWIFT_COMPILATION_MODE = wholemodule;
				VALIDATE_PRODUCT = YES;
			};
			name = Release;
		};
		0944F29A2C4BDD4400AB22F7 /* Debug */ = {
			isa = XCBuildConfiguration;
			buildSettings = {
				ASSETCATALOG_COMPILER_APPICON_NAME = AppIcon;
				ASSETCATALOG_COMPILER_GLOBAL_ACCENT_COLOR_NAME = AccentColor;
				CODE_SIGN_IDENTITY = "Apple Development";
				CODE_SIGN_STYLE = Automatic;
				CURRENT_PROJECT_VERSION = 1;
				DEVELOPMENT_TEAM = JA7UDVTQBU;
				"EXCLUDED_ARCHS[sdk=iphonesimulator*]" = arm64;
				GENERATE_INFOPLIST_FILE = YES;
				INFOPLIST_FILE = SafeAreaTravel/Resource/Info.plist;
				INFOPLIST_KEY_LSApplicationCategoryType = "public.app-category.food-and-drink";
				INFOPLIST_KEY_UIApplicationSupportsIndirectInputEvents = YES;
				INFOPLIST_KEY_UILaunchStoryboardName = LaunchScreen;
				INFOPLIST_KEY_UISupportedInterfaceOrientations_iPad = "UIInterfaceOrientationPortrait UIInterfaceOrientationPortraitUpsideDown UIInterfaceOrientationLandscapeLeft UIInterfaceOrientationLandscapeRight";
				INFOPLIST_KEY_UISupportedInterfaceOrientations_iPhone = "UIInterfaceOrientationPortrait UIInterfaceOrientationLandscapeLeft UIInterfaceOrientationLandscapeRight";
				IPHONEOS_DEPLOYMENT_TARGET = 16.0;
				LD_RUNPATH_SEARCH_PATHS = (
					"$(inherited)",
					"@executable_path/Frameworks",
				);
				MARKETING_VERSION = 1.0;
				ONLY_ACTIVE_ARCH = YES;
				PRODUCT_BUNDLE_IDENTIFIER = com.JC.SafeAreaTravel;
				PRODUCT_NAME = "$(TARGET_NAME)";
				PROVISIONING_PROFILE_SPECIFIER = "";
				SWIFT_EMIT_LOC_STRINGS = YES;
				SWIFT_VERSION = 5.0;
				TARGETED_DEVICE_FAMILY = "1,2";
			};
			name = Debug;
		};
		0944F29B2C4BDD4400AB22F7 /* Release */ = {
			isa = XCBuildConfiguration;
			buildSettings = {
				ASSETCATALOG_COMPILER_APPICON_NAME = AppIcon;
				ASSETCATALOG_COMPILER_GLOBAL_ACCENT_COLOR_NAME = AccentColor;
				CODE_SIGN_IDENTITY = "Apple Development";
				CODE_SIGN_STYLE = Automatic;
				CURRENT_PROJECT_VERSION = 1;
				DEVELOPMENT_TEAM = JA7UDVTQBU;
				GENERATE_INFOPLIST_FILE = YES;
				INFOPLIST_FILE = SafeAreaTravel/Resource/Info.plist;
				INFOPLIST_KEY_LSApplicationCategoryType = "public.app-category.food-and-drink";
				INFOPLIST_KEY_UIApplicationSupportsIndirectInputEvents = YES;
				INFOPLIST_KEY_UILaunchStoryboardName = LaunchScreen;
				INFOPLIST_KEY_UISupportedInterfaceOrientations_iPad = "UIInterfaceOrientationPortrait UIInterfaceOrientationPortraitUpsideDown UIInterfaceOrientationLandscapeLeft UIInterfaceOrientationLandscapeRight";
				INFOPLIST_KEY_UISupportedInterfaceOrientations_iPhone = "UIInterfaceOrientationPortrait UIInterfaceOrientationLandscapeLeft UIInterfaceOrientationLandscapeRight";
				IPHONEOS_DEPLOYMENT_TARGET = 16.0;
				LD_RUNPATH_SEARCH_PATHS = (
					"$(inherited)",
					"@executable_path/Frameworks",
				);
				MARKETING_VERSION = 1.0;
				ONLY_ACTIVE_ARCH = YES;
				PRODUCT_BUNDLE_IDENTIFIER = com.JC.SafeAreaTravel;
				PRODUCT_NAME = "$(TARGET_NAME)";
				PROVISIONING_PROFILE_SPECIFIER = "";
				SWIFT_EMIT_LOC_STRINGS = YES;
				SWIFT_VERSION = 5.0;
				TARGETED_DEVICE_FAMILY = "1,2";
			};
			name = Release;
		};
		0944F29D2C4BDD4400AB22F7 /* Debug */ = {
			isa = XCBuildConfiguration;
			buildSettings = {
				ALWAYS_EMBED_SWIFT_STANDARD_LIBRARIES = YES;
				BUNDLE_LOADER = "$(TEST_HOST)";
				CODE_SIGN_STYLE = Automatic;
				CURRENT_PROJECT_VERSION = 1;
				DEVELOPMENT_TEAM = JA7UDVTQBU;
				GENERATE_INFOPLIST_FILE = YES;
				IPHONEOS_DEPLOYMENT_TARGET = 17.5;
				MARKETING_VERSION = 1.0;
				PRODUCT_BUNDLE_IDENTIFIER = com.JC.SafeAreaTravelTests;
				PRODUCT_NAME = "$(TARGET_NAME)";
				SWIFT_EMIT_LOC_STRINGS = NO;
				SWIFT_VERSION = 5.0;
				TARGETED_DEVICE_FAMILY = "1,2";
				TEST_HOST = "$(BUILT_PRODUCTS_DIR)/SafeAreaTravel.app/$(BUNDLE_EXECUTABLE_FOLDER_PATH)/SafeAreaTravel";
			};
			name = Debug;
		};
		0944F29E2C4BDD4400AB22F7 /* Release */ = {
			isa = XCBuildConfiguration;
			buildSettings = {
				ALWAYS_EMBED_SWIFT_STANDARD_LIBRARIES = YES;
				BUNDLE_LOADER = "$(TEST_HOST)";
				CODE_SIGN_STYLE = Automatic;
				CURRENT_PROJECT_VERSION = 1;
				DEVELOPMENT_TEAM = JA7UDVTQBU;
				GENERATE_INFOPLIST_FILE = YES;
				IPHONEOS_DEPLOYMENT_TARGET = 17.5;
				MARKETING_VERSION = 1.0;
				PRODUCT_BUNDLE_IDENTIFIER = com.JC.SafeAreaTravelTests;
				PRODUCT_NAME = "$(TARGET_NAME)";
				SWIFT_EMIT_LOC_STRINGS = NO;
				SWIFT_VERSION = 5.0;
				TARGETED_DEVICE_FAMILY = "1,2";
				TEST_HOST = "$(BUILT_PRODUCTS_DIR)/SafeAreaTravel.app/$(BUNDLE_EXECUTABLE_FOLDER_PATH)/SafeAreaTravel";
			};
			name = Release;
		};
		0944F2A02C4BDD4400AB22F7 /* Debug */ = {
			isa = XCBuildConfiguration;
			buildSettings = {
				ALWAYS_EMBED_SWIFT_STANDARD_LIBRARIES = YES;
				CODE_SIGN_STYLE = Automatic;
				CURRENT_PROJECT_VERSION = 1;
				DEVELOPMENT_TEAM = JA7UDVTQBU;
				GENERATE_INFOPLIST_FILE = YES;
				MARKETING_VERSION = 1.0;
				PRODUCT_BUNDLE_IDENTIFIER = com.JC.SafeAreaTravelUITests;
				PRODUCT_NAME = "$(TARGET_NAME)";
				SWIFT_EMIT_LOC_STRINGS = NO;
				SWIFT_VERSION = 5.0;
				TARGETED_DEVICE_FAMILY = "1,2";
				TEST_TARGET_NAME = SafeAreaTravel;
			};
			name = Debug;
		};
		0944F2A12C4BDD4400AB22F7 /* Release */ = {
			isa = XCBuildConfiguration;
			buildSettings = {
				ALWAYS_EMBED_SWIFT_STANDARD_LIBRARIES = YES;
				CODE_SIGN_STYLE = Automatic;
				CURRENT_PROJECT_VERSION = 1;
				DEVELOPMENT_TEAM = JA7UDVTQBU;
				GENERATE_INFOPLIST_FILE = YES;
				MARKETING_VERSION = 1.0;
				PRODUCT_BUNDLE_IDENTIFIER = com.JC.SafeAreaTravelUITests;
				PRODUCT_NAME = "$(TARGET_NAME)";
				SWIFT_EMIT_LOC_STRINGS = NO;
				SWIFT_VERSION = 5.0;
				TARGETED_DEVICE_FAMILY = "1,2";
				TEST_TARGET_NAME = SafeAreaTravel;
			};
			name = Release;
		};
/* End XCBuildConfiguration section */

/* Begin XCConfigurationList section */
		0944F26A2C4BDD4000AB22F7 /* Build configuration list for PBXProject "SafeAreaTravel" */ = {
			isa = XCConfigurationList;
			buildConfigurations = (
				0944F2972C4BDD4400AB22F7 /* Debug */,
				0944F2982C4BDD4400AB22F7 /* Release */,
			);
			defaultConfigurationIsVisible = 0;
			defaultConfigurationName = Release;
		};
		0944F2992C4BDD4400AB22F7 /* Build configuration list for PBXNativeTarget "SafeAreaTravel" */ = {
			isa = XCConfigurationList;
			buildConfigurations = (
				0944F29A2C4BDD4400AB22F7 /* Debug */,
				0944F29B2C4BDD4400AB22F7 /* Release */,
			);
			defaultConfigurationIsVisible = 0;
			defaultConfigurationName = Release;
		};
		0944F29C2C4BDD4400AB22F7 /* Build configuration list for PBXNativeTarget "SafeAreaTravelTests" */ = {
			isa = XCConfigurationList;
			buildConfigurations = (
				0944F29D2C4BDD4400AB22F7 /* Debug */,
				0944F29E2C4BDD4400AB22F7 /* Release */,
			);
			defaultConfigurationIsVisible = 0;
			defaultConfigurationName = Release;
		};
		0944F29F2C4BDD4400AB22F7 /* Build configuration list for PBXNativeTarget "SafeAreaTravelUITests" */ = {
			isa = XCConfigurationList;
			buildConfigurations = (
				0944F2A02C4BDD4400AB22F7 /* Debug */,
				0944F2A12C4BDD4400AB22F7 /* Release */,
			);
			defaultConfigurationIsVisible = 0;
			defaultConfigurationName = Release;
		};
/* End XCConfigurationList section */

/* Begin XCRemoteSwiftPackageReference section */
		0944F2AC2C4BDDCA00AB22F7 /* XCRemoteSwiftPackageReference "RxSwift" */ = {
			isa = XCRemoteSwiftPackageReference;
			repositoryURL = "https://github.com/ReactiveX/RxSwift";
			requirement = {
				kind = upToNextMajorVersion;
				minimumVersion = 6.7.1;
			};
		};
		0944F2AF2C4BDDE400AB22F7 /* XCRemoteSwiftPackageReference "Then" */ = {
			isa = XCRemoteSwiftPackageReference;
			repositoryURL = "https://github.com/devxoul/Then";
			requirement = {
				kind = upToNextMajorVersion;
				minimumVersion = 3.0.0;
			};
		};
		0944F2B22C4BDDF200AB22F7 /* XCRemoteSwiftPackageReference "FlexLayout" */ = {
			isa = XCRemoteSwiftPackageReference;
			repositoryURL = "https://github.com/layoutBox/FlexLayout";
			requirement = {
				kind = upToNextMajorVersion;
				minimumVersion = 2.0.10;
			};
		};
		0944F2B52C4BDE0500AB22F7 /* XCRemoteSwiftPackageReference "PinLayout" */ = {
			isa = XCRemoteSwiftPackageReference;
			repositoryURL = "https://github.com/layoutBox/PinLayout";
			requirement = {
				kind = upToNextMajorVersion;
				minimumVersion = 1.10.5;
			};
		};
		0944F2B82C4BDE1F00AB22F7 /* XCRemoteSwiftPackageReference "ReactorKit" */ = {
			isa = XCRemoteSwiftPackageReference;
			repositoryURL = "https://github.com/ReactorKit/ReactorKit";
			requirement = {
				kind = upToNextMajorVersion;
				minimumVersion = 3.2.0;
			};
		};
		0944F2C92C4BE0CE00AB22F7 /* XCRemoteSwiftPackageReference "Moya" */ = {
			isa = XCRemoteSwiftPackageReference;
			repositoryURL = "https://github.com/Moya/Moya";
			requirement = {
				kind = upToNextMajorVersion;
				minimumVersion = 15.0.3;
			};
		};
		095D6FA02C4FEAB4007E3C1F /* XCRemoteSwiftPackageReference "Kingfisher" */ = {
			isa = XCRemoteSwiftPackageReference;
			repositoryURL = "https://github.com/onevcat/Kingfisher";
			requirement = {
				kind = upToNextMajorVersion;
				minimumVersion = 7.12.0;
			};
		};
		93646CC82C9D99DD00BEDCCC /* XCRemoteSwiftPackageReference "SkeletonView" */ = {
			isa = XCRemoteSwiftPackageReference;
			repositoryURL = "https://github.com/Juanpe/SkeletonView";
			requirement = {
				kind = upToNextMajorVersion;
				minimumVersion = 1.31.0;
			};
		};
		93F241F82C7E0D34002CBD6E /* XCRemoteSwiftPackageReference "NMapsMap-SwiftPM" */ = {
			isa = XCRemoteSwiftPackageReference;
			repositoryURL = "https://github.com/stleamist/NMapsMap-SwiftPM";
			requirement = {
				branch = main;
				kind = branch;
			};
		};
/* End XCRemoteSwiftPackageReference section */

/* Begin XCSwiftPackageProductDependency section */
		0944F2AD2C4BDDCA00AB22F7 /* RxCocoa */ = {
			isa = XCSwiftPackageProductDependency;
			package = 0944F2AC2C4BDDCA00AB22F7 /* XCRemoteSwiftPackageReference "RxSwift" */;
			productName = RxCocoa;
		};
		0944F2B02C4BDDE400AB22F7 /* Then */ = {
			isa = XCSwiftPackageProductDependency;
			package = 0944F2AF2C4BDDE400AB22F7 /* XCRemoteSwiftPackageReference "Then" */;
			productName = Then;
		};
		0944F2B32C4BDDF200AB22F7 /* FlexLayout */ = {
			isa = XCSwiftPackageProductDependency;
			package = 0944F2B22C4BDDF200AB22F7 /* XCRemoteSwiftPackageReference "FlexLayout" */;
			productName = FlexLayout;
		};
		0944F2B62C4BDE0500AB22F7 /* PinLayout */ = {
			isa = XCSwiftPackageProductDependency;
			package = 0944F2B52C4BDE0500AB22F7 /* XCRemoteSwiftPackageReference "PinLayout" */;
			productName = PinLayout;
		};
		0944F2B92C4BDE1F00AB22F7 /* ReactorKit */ = {
			isa = XCSwiftPackageProductDependency;
			package = 0944F2B82C4BDE1F00AB22F7 /* XCRemoteSwiftPackageReference "ReactorKit" */;
			productName = ReactorKit;
		};
		0944F2CA2C4BE0CE00AB22F7 /* Moya */ = {
			isa = XCSwiftPackageProductDependency;
			package = 0944F2C92C4BE0CE00AB22F7 /* XCRemoteSwiftPackageReference "Moya" */;
			productName = Moya;
		};
		095D6FA12C4FEAB4007E3C1F /* Kingfisher */ = {
			isa = XCSwiftPackageProductDependency;
			package = 095D6FA02C4FEAB4007E3C1F /* XCRemoteSwiftPackageReference "Kingfisher" */;
			productName = Kingfisher;
		};
		0983BF1C2C4E964600F438A2 /* RxMoya */ = {
			isa = XCSwiftPackageProductDependency;
			package = 0944F2C92C4BE0CE00AB22F7 /* XCRemoteSwiftPackageReference "Moya" */;
			productName = RxMoya;
		};
		93646CC92C9D99DD00BEDCCC /* SkeletonView */ = {
			isa = XCSwiftPackageProductDependency;
			package = 93646CC82C9D99DD00BEDCCC /* XCRemoteSwiftPackageReference "SkeletonView" */;
			productName = SkeletonView;
		};
		93F241F92C7E0D34002CBD6E /* NMapsMap */ = {
			isa = XCSwiftPackageProductDependency;
			package = 93F241F82C7E0D34002CBD6E /* XCRemoteSwiftPackageReference "NMapsMap-SwiftPM" */;
			productName = NMapsMap;
		};
/* End XCSwiftPackageProductDependency section */
	};
	rootObject = 0944F2672C4BDD4000AB22F7 /* Project object */;
}
